// !$*UTF8*$!
{
	archiveVersion = 1;
	classes = {
	};
	objectVersion = 46;
	objects = {

/* Begin PBXBuildFile section */
		34048D1C1C36CF8800E91EE7 /* Platform.swift in Sources */ = {isa = PBXBuildFile; fileRef = 34048D1B1C36CF8800E91EE7 /* Platform.swift */; };
		34048D1E1C36DC6200E91EE7 /* ErrorCellViewModel.swift in Sources */ = {isa = PBXBuildFile; fileRef = 34048D1D1C36DC6200E91EE7 /* ErrorCellViewModel.swift */; };
		34048D201C36DF0200E91EE7 /* MessageAndButtonCell.swift in Sources */ = {isa = PBXBuildFile; fileRef = 34048D1F1C36DF0200E91EE7 /* MessageAndButtonCell.swift */; };
		34048D221C36E4CF00E91EE7 /* LoadingCell.swift in Sources */ = {isa = PBXBuildFile; fileRef = 34048D211C36E4CF00E91EE7 /* LoadingCell.swift */; };
		34048D241C36E4DD00E91EE7 /* LoadingCellViewModel.swift in Sources */ = {isa = PBXBuildFile; fileRef = 34048D231C36E4DD00E91EE7 /* LoadingCellViewModel.swift */; };
		34048D271C37212A00E91EE7 /* ActionButton.swift in Sources */ = {isa = PBXBuildFile; fileRef = 34048D261C37212A00E91EE7 /* ActionButton.swift */; };
		34048D291C37402500E91EE7 /* DetailPlatformViewModel.swift in Sources */ = {isa = PBXBuildFile; fileRef = 34048D281C37402500E91EE7 /* DetailPlatformViewModel.swift */; };
		342514841C349D96001D31F4 /* AppDelegate.swift in Sources */ = {isa = PBXBuildFile; fileRef = 342514831C349D96001D31F4 /* AppDelegate.swift */; };
		342514861C349D96001D31F4 /* ListViewController.swift in Sources */ = {isa = PBXBuildFile; fileRef = 342514851C349D96001D31F4 /* ListViewController.swift */; };
		342514881C349D96001D31F4 /* DetailViewController.swift in Sources */ = {isa = PBXBuildFile; fileRef = 342514871C349D96001D31F4 /* DetailViewController.swift */; };
		3425148B1C349D96001D31F4 /* Main.storyboard in Resources */ = {isa = PBXBuildFile; fileRef = 342514891C349D96001D31F4 /* Main.storyboard */; };
		3425148D1C349D96001D31F4 /* Assets.xcassets in Resources */ = {isa = PBXBuildFile; fileRef = 3425148C1C349D96001D31F4 /* Assets.xcassets */; };
		342514901C349D96001D31F4 /* LaunchScreen.storyboard in Resources */ = {isa = PBXBuildFile; fileRef = 3425148E1C349D96001D31F4 /* LaunchScreen.storyboard */; };
		3425149A1C34A31E001D31F4 /* ListViewModel.swift in Sources */ = {isa = PBXBuildFile; fileRef = 342514991C34A31E001D31F4 /* ListViewModel.swift */; };
		3425149D1C34A4CC001D31F4 /* BaseCellViewModel.swift in Sources */ = {isa = PBXBuildFile; fileRef = 3425149C1C34A4CC001D31F4 /* BaseCellViewModel.swift */; };
		3425149F1C34AA9F001D31F4 /* BaseCell.swift in Sources */ = {isa = PBXBuildFile; fileRef = 3425149E1C34AA9F001D31F4 /* BaseCell.swift */; };
		342514A11C34AE5E001D31F4 /* CommandCellViewModel.swift in Sources */ = {isa = PBXBuildFile; fileRef = 342514A01C34AE5E001D31F4 /* CommandCellViewModel.swift */; };
		342514A31C34B01F001D31F4 /* CommandCell.swift in Sources */ = {isa = PBXBuildFile; fileRef = 342514A21C34B01F001D31F4 /* CommandCell.swift */; };
		342514A51C34BA05001D31F4 /* TLDRURLSessionConfiguration.swift in Sources */ = {isa = PBXBuildFile; fileRef = 342514A41C34BA05001D31F4 /* TLDRURLSessionConfiguration.swift */; };
		342514A71C34BCEF001D31F4 /* TLDRRequest.swift in Sources */ = {isa = PBXBuildFile; fileRef = 342514A61C34BCEF001D31F4 /* TLDRRequest.swift */; };
		342514A91C34BD82001D31F4 /* TLDRResponse.swift in Sources */ = {isa = PBXBuildFile; fileRef = 342514A81C34BD82001D31F4 /* TLDRResponse.swift */; };
		342514AB1C34C5D8001D31F4 /* Command.swift in Sources */ = {isa = PBXBuildFile; fileRef = 342514AA1C34C5D8001D31F4 /* Command.swift */; };
		342514AF1C353FD3001D31F4 /* DetailViewModel.swift in Sources */ = {isa = PBXBuildFile; fileRef = 342514AE1C353FD3001D31F4 /* DetailViewModel.swift */; };
		34358AF51C3589D200BB7DDB /* WebKit.framework in Frameworks */ = {isa = PBXBuildFile; fileRef = 34358AF41C3589D200BB7DDB /* WebKit.framework */; };
		34358AF71C3592CC00BB7DDB /* Theme.swift in Sources */ = {isa = PBXBuildFile; fileRef = 34358AF61C3592CC00BB7DDB /* Theme.swift */; };
		34358AFA1C35D81F00BB7DDB /* style.css in Resources */ = {isa = PBXBuildFile; fileRef = 34358AF91C35D81F00BB7DDB /* style.css */; };
		344716CC22EC8296001AF9D7 /* CommandVariant.swift in Sources */ = {isa = PBXBuildFile; fileRef = 344716CB22EC8296001AF9D7 /* CommandVariant.swift */; };
		34474FE51E3D33DE00CBA95D /* MessageCell.swift in Sources */ = {isa = PBXBuildFile; fileRef = 34474FE41E3D33DE00CBA95D /* MessageCell.swift */; };
		34474FE71E3D350300CBA95D /* NoFavouritesCellViewModel.swift in Sources */ = {isa = PBXBuildFile; fileRef = 34474FE61E3D350300CBA95D /* NoFavouritesCellViewModel.swift */; };
		34555B771E36B8FB0049AD5F /* NoResultsCellViewModel.swift in Sources */ = {isa = PBXBuildFile; fileRef = 34555B761E36B8FB0049AD5F /* NoResultsCellViewModel.swift */; };
		3459C68B1E3B5C3200DD6053 /* DataSourcing.swift in Sources */ = {isa = PBXBuildFile; fileRef = 3459C68A1E3B5C3200DD6053 /* DataSourcing.swift */; };
		3459C6911E3BA21600DD6053 /* SegmentedControl.swift in Sources */ = {isa = PBXBuildFile; fileRef = 3459C6901E3BA21600DD6053 /* SegmentedControl.swift */; };
		3459C6931E3BA25400DD6053 /* SegmentedControlInverse.swift in Sources */ = {isa = PBXBuildFile; fileRef = 3459C6921E3BA25400DD6053 /* SegmentedControlInverse.swift */; };
		3465C1BE1E3D6792008D4560 /* Localizable.strings in Resources */ = {isa = PBXBuildFile; fileRef = 3465C1C01E3D6792008D4560 /* Localizable.strings */; };
		3465C1CA1E3D6E82008D4560 /* LocalizableOverride.strings in Resources */ = {isa = PBXBuildFile; fileRef = 3465C1CC1E3D6E82008D4560 /* LocalizableOverride.strings */; };
		3487250522C77BF7004D4FD1 /* SnapshotTests.swift in Sources */ = {isa = PBXBuildFile; fileRef = 3487250422C77BF7004D4FD1 /* SnapshotTests.swift */; };
		3487250D22C77C4E004D4FD1 /* fastlane in Resources */ = {isa = PBXBuildFile; fileRef = 3487250C22C77C4E004D4FD1 /* fastlane */; };
		3487250F22C77C7D004D4FD1 /* SnapshotHelper.swift in Sources */ = {isa = PBXBuildFile; fileRef = 3487250E22C77C7D004D4FD1 /* SnapshotHelper.swift */; };
		34AFB61A22F636F7007153B3 /* FilteringDataSourceDecorator.swift in Sources */ = {isa = PBXBuildFile; fileRef = 34AFB61922F636F7007153B3 /* FilteringDataSourceDecorator.swift */; };
		34AFB61D22F6BE89007153B3 /* SwitchingDataSourceDecorator.swift in Sources */ = {isa = PBXBuildFile; fileRef = 34AFB61C22F6BE89007153B3 /* SwitchingDataSourceDecorator.swift */; };
		34AFB61F22F6BED7007153B3 /* SearchingDataSourceDecorator.swift in Sources */ = {isa = PBXBuildFile; fileRef = 34AFB61E22F6BED7007153B3 /* SearchingDataSourceDecorator.swift */; };
		34AFB62122F6BEE9007153B3 /* FavouriteDataSourceDecorator.swift in Sources */ = {isa = PBXBuildFile; fileRef = 34AFB62022F6BEE9007153B3 /* FavouriteDataSourceDecorator.swift */; };
		34AFB62322F6CADF007153B3 /* DataSources.swift in Sources */ = {isa = PBXBuildFile; fileRef = 34AFB62222F6CADF007153B3 /* DataSources.swift */; };
		34AFB62522F704B8007153B3 /* WeakCollection.swift in Sources */ = {isa = PBXBuildFile; fileRef = 34AFB62422F704B8007153B3 /* WeakCollection.swift */; };
		34C800571E3D5CB000164493 /* Localizations.swift in Sources */ = {isa = PBXBuildFile; fileRef = 34C800561E3D5CB000164493 /* Localizations.swift */; };
		34D06BBD1C537CC100D30041 /* DataSource.swift in Sources */ = {isa = PBXBuildFile; fileRef = 34D06BBC1C537CC100D30041 /* DataSource.swift */; };
		34D06BBE1C5386DF00D30041 /* Zip.framework in Frameworks */ = {isa = PBXBuildFile; fileRef = 34D06BB91C519C1100D30041 /* Zip.framework */; };
		34D06BC41C54203300D30041 /* DetailDataSource.swift in Sources */ = {isa = PBXBuildFile; fileRef = 34D06BC31C54203300D30041 /* DetailDataSource.swift */; };
		34D06BC61C5428D800D30041 /* ListTableViewController.swift in Sources */ = {isa = PBXBuildFile; fileRef = 34D06BC51C5428D800D30041 /* ListTableViewController.swift */; };
		34D06BC81C54C60C00D30041 /* OldIndexCellViewModel.swift in Sources */ = {isa = PBXBuildFile; fileRef = 34D06BC71C54C60C00D30041 /* OldIndexCellViewModel.swift */; };
		34D06BCB1C54CA6100D30041 /* NSDateExtension.swift in Sources */ = {isa = PBXBuildFile; fileRef = 34D06BCA1C54CA6100D30041 /* NSDateExtension.swift */; };
		34D06BCF1C5CC93700D30041 /* SpotlightSearch.swift in Sources */ = {isa = PBXBuildFile; fileRef = 34D06BCE1C5CC93700D30041 /* SpotlightSearch.swift */; };
		34D06BD11C5CC9A000D30041 /* CoreSpotlight.framework in Frameworks */ = {isa = PBXBuildFile; fileRef = 34D06BD01C5CC9A000D30041 /* CoreSpotlight.framework */; };
		34D06BD31C5CCAF500D30041 /* MobileCoreServices.framework in Frameworks */ = {isa = PBXBuildFile; fileRef = 34D06BD21C5CCAF500D30041 /* MobileCoreServices.framework */; };
		34D5B6501E350DA500C6AB64 /* Preferences.swift in Sources */ = {isa = PBXBuildFile; fileRef = 34D5B64F1E350DA500C6AB64 /* Preferences.swift */; };
		34D5B6521E350EF500C6AB64 /* Constants.swift in Sources */ = {isa = PBXBuildFile; fileRef = 34D5B6511E350EF500C6AB64 /* Constants.swift */; };
		34D5B6541E35168700C6AB64 /* Shortcuts.swift in Sources */ = {isa = PBXBuildFile; fileRef = 34D5B6531E35168700C6AB64 /* Shortcuts.swift */; };
		34D5B6561E351D4000C6AB64 /* ShortcutHandler.swift in Sources */ = {isa = PBXBuildFile; fileRef = 34D5B6551E351D4000C6AB64 /* ShortcutHandler.swift */; };
		34FBC0CF1C38A189008AD2C0 /* TextCellBasic.swift in Sources */ = {isa = PBXBuildFile; fileRef = 34FBC0CE1C38A189008AD2C0 /* TextCellBasic.swift */; };
		34FD9AB51C3885C6001DB968 /* InfoViewController.swift in Sources */ = {isa = PBXBuildFile; fileRef = 34FD9AB41C3885C6001DB968 /* InfoViewController.swift */; };
		34FD9AB71C3885CE001DB968 /* InfoViewModel.swift in Sources */ = {isa = PBXBuildFile; fileRef = 34FD9AB61C3885CE001DB968 /* InfoViewModel.swift */; };
		34FD9AB91C388A15001DB968 /* TextCellRightDetail.swift in Sources */ = {isa = PBXBuildFile; fileRef = 34FD9AB81C388A15001DB968 /* TextCellRightDetail.swift */; };
		34FD9ABB1C388A1E001DB968 /* TextCellViewModel.swift in Sources */ = {isa = PBXBuildFile; fileRef = 34FD9ABA1C388A1E001DB968 /* TextCellViewModel.swift */; };
		34FD9ABD1C388C83001DB968 /* GroupViewModel.swift in Sources */ = {isa = PBXBuildFile; fileRef = 34FD9ABC1C388C83001DB968 /* GroupViewModel.swift */; };
		34FDB18A1C3C8FCA00587386 /* SectionViewModel.swift in Sources */ = {isa = PBXBuildFile; fileRef = 34FDB1891C3C8FCA00587386 /* SectionViewModel.swift */; };
/* End PBXBuildFile section */

/* Begin PBXContainerItemProxy section */
		3487250722C77BF7004D4FD1 /* PBXContainerItemProxy */ = {
			isa = PBXContainerItemProxy;
			containerPortal = 342514781C349D96001D31F4 /* Project object */;
			proxyType = 1;
			remoteGlobalIDString = 3425147F1C349D96001D31F4;
			remoteInfo = "tldr-viewer";
		};
/* End PBXContainerItemProxy section */

/* Begin PBXFileReference section */
		34048D1B1C36CF8800E91EE7 /* Platform.swift */ = {isa = PBXFileReference; fileEncoding = 4; lastKnownFileType = sourcecode.swift; path = Platform.swift; sourceTree = "<group>"; };
		34048D1D1C36DC6200E91EE7 /* ErrorCellViewModel.swift */ = {isa = PBXFileReference; fileEncoding = 4; lastKnownFileType = sourcecode.swift; path = ErrorCellViewModel.swift; sourceTree = "<group>"; };
		34048D1F1C36DF0200E91EE7 /* MessageAndButtonCell.swift */ = {isa = PBXFileReference; fileEncoding = 4; lastKnownFileType = sourcecode.swift; path = MessageAndButtonCell.swift; sourceTree = "<group>"; };
		34048D211C36E4CF00E91EE7 /* LoadingCell.swift */ = {isa = PBXFileReference; fileEncoding = 4; lastKnownFileType = sourcecode.swift; path = LoadingCell.swift; sourceTree = "<group>"; };
		34048D231C36E4DD00E91EE7 /* LoadingCellViewModel.swift */ = {isa = PBXFileReference; fileEncoding = 4; lastKnownFileType = sourcecode.swift; path = LoadingCellViewModel.swift; sourceTree = "<group>"; };
		34048D261C37212A00E91EE7 /* ActionButton.swift */ = {isa = PBXFileReference; fileEncoding = 4; lastKnownFileType = sourcecode.swift; path = ActionButton.swift; sourceTree = "<group>"; };
		34048D281C37402500E91EE7 /* DetailPlatformViewModel.swift */ = {isa = PBXFileReference; fileEncoding = 4; lastKnownFileType = sourcecode.swift; path = DetailPlatformViewModel.swift; sourceTree = "<group>"; };
		342514801C349D96001D31F4 /* tldr-viewer.app */ = {isa = PBXFileReference; explicitFileType = wrapper.application; includeInIndex = 0; path = "tldr-viewer.app"; sourceTree = BUILT_PRODUCTS_DIR; };
		342514831C349D96001D31F4 /* AppDelegate.swift */ = {isa = PBXFileReference; lastKnownFileType = sourcecode.swift; path = AppDelegate.swift; sourceTree = "<group>"; };
		342514851C349D96001D31F4 /* ListViewController.swift */ = {isa = PBXFileReference; lastKnownFileType = sourcecode.swift; path = ListViewController.swift; sourceTree = "<group>"; };
		342514871C349D96001D31F4 /* DetailViewController.swift */ = {isa = PBXFileReference; lastKnownFileType = sourcecode.swift; path = DetailViewController.swift; sourceTree = "<group>"; };
		3425148A1C349D96001D31F4 /* Base */ = {isa = PBXFileReference; lastKnownFileType = file.storyboard; name = Base; path = Base.lproj/Main.storyboard; sourceTree = "<group>"; };
		3425148C1C349D96001D31F4 /* Assets.xcassets */ = {isa = PBXFileReference; lastKnownFileType = folder.assetcatalog; path = Assets.xcassets; sourceTree = "<group>"; };
		3425148F1C349D96001D31F4 /* Base */ = {isa = PBXFileReference; lastKnownFileType = file.storyboard; name = Base; path = Base.lproj/LaunchScreen.storyboard; sourceTree = "<group>"; };
		342514911C349D96001D31F4 /* Info.plist */ = {isa = PBXFileReference; lastKnownFileType = text.plist.xml; path = Info.plist; sourceTree = "<group>"; };
		342514991C34A31E001D31F4 /* ListViewModel.swift */ = {isa = PBXFileReference; fileEncoding = 4; lastKnownFileType = sourcecode.swift; path = ListViewModel.swift; sourceTree = "<group>"; };
		3425149C1C34A4CC001D31F4 /* BaseCellViewModel.swift */ = {isa = PBXFileReference; fileEncoding = 4; lastKnownFileType = sourcecode.swift; path = BaseCellViewModel.swift; sourceTree = "<group>"; };
		3425149E1C34AA9F001D31F4 /* BaseCell.swift */ = {isa = PBXFileReference; fileEncoding = 4; lastKnownFileType = sourcecode.swift; path = BaseCell.swift; sourceTree = "<group>"; };
		342514A01C34AE5E001D31F4 /* CommandCellViewModel.swift */ = {isa = PBXFileReference; fileEncoding = 4; lastKnownFileType = sourcecode.swift; path = CommandCellViewModel.swift; sourceTree = "<group>"; };
		342514A21C34B01F001D31F4 /* CommandCell.swift */ = {isa = PBXFileReference; fileEncoding = 4; lastKnownFileType = sourcecode.swift; path = CommandCell.swift; sourceTree = "<group>"; };
		342514A41C34BA05001D31F4 /* TLDRURLSessionConfiguration.swift */ = {isa = PBXFileReference; fileEncoding = 4; lastKnownFileType = sourcecode.swift; path = TLDRURLSessionConfiguration.swift; sourceTree = "<group>"; };
		342514A61C34BCEF001D31F4 /* TLDRRequest.swift */ = {isa = PBXFileReference; fileEncoding = 4; lastKnownFileType = sourcecode.swift; path = TLDRRequest.swift; sourceTree = "<group>"; };
		342514A81C34BD82001D31F4 /* TLDRResponse.swift */ = {isa = PBXFileReference; fileEncoding = 4; lastKnownFileType = sourcecode.swift; path = TLDRResponse.swift; sourceTree = "<group>"; };
		342514AA1C34C5D8001D31F4 /* Command.swift */ = {isa = PBXFileReference; fileEncoding = 4; lastKnownFileType = sourcecode.swift; path = Command.swift; sourceTree = "<group>"; };
		342514AE1C353FD3001D31F4 /* DetailViewModel.swift */ = {isa = PBXFileReference; fileEncoding = 4; lastKnownFileType = sourcecode.swift; path = DetailViewModel.swift; sourceTree = "<group>"; };
		34358AF41C3589D200BB7DDB /* WebKit.framework */ = {isa = PBXFileReference; lastKnownFileType = wrapper.framework; name = WebKit.framework; path = System/Library/Frameworks/WebKit.framework; sourceTree = SDKROOT; };
		34358AF61C3592CC00BB7DDB /* Theme.swift */ = {isa = PBXFileReference; fileEncoding = 4; lastKnownFileType = sourcecode.swift; path = Theme.swift; sourceTree = "<group>"; };
		34358AF91C35D81F00BB7DDB /* style.css */ = {isa = PBXFileReference; fileEncoding = 4; lastKnownFileType = text.css; path = style.css; sourceTree = "<group>"; };
		344716CB22EC8296001AF9D7 /* CommandVariant.swift */ = {isa = PBXFileReference; lastKnownFileType = sourcecode.swift; path = CommandVariant.swift; sourceTree = "<group>"; };
		34474FE01E3D2E3E00CBA95D /* README.md */ = {isa = PBXFileReference; fileEncoding = 4; lastKnownFileType = net.daringfireball.markdown; path = README.md; sourceTree = "<group>"; };
		34474FE41E3D33DE00CBA95D /* MessageCell.swift */ = {isa = PBXFileReference; fileEncoding = 4; lastKnownFileType = sourcecode.swift; path = MessageCell.swift; sourceTree = "<group>"; };
		34474FE61E3D350300CBA95D /* NoFavouritesCellViewModel.swift */ = {isa = PBXFileReference; fileEncoding = 4; lastKnownFileType = sourcecode.swift; path = NoFavouritesCellViewModel.swift; sourceTree = "<group>"; };
		34555B761E36B8FB0049AD5F /* NoResultsCellViewModel.swift */ = {isa = PBXFileReference; fileEncoding = 4; lastKnownFileType = sourcecode.swift; path = NoResultsCellViewModel.swift; sourceTree = "<group>"; };
		3459C68A1E3B5C3200DD6053 /* DataSourcing.swift */ = {isa = PBXFileReference; fileEncoding = 4; lastKnownFileType = sourcecode.swift; path = DataSourcing.swift; sourceTree = "<group>"; };
		3459C6901E3BA21600DD6053 /* SegmentedControl.swift */ = {isa = PBXFileReference; fileEncoding = 4; lastKnownFileType = sourcecode.swift; path = SegmentedControl.swift; sourceTree = "<group>"; };
		3459C6921E3BA25400DD6053 /* SegmentedControlInverse.swift */ = {isa = PBXFileReference; fileEncoding = 4; lastKnownFileType = sourcecode.swift; path = SegmentedControlInverse.swift; sourceTree = "<group>"; };
		3465C1CD1E3D6E87008D4560 /* en-US */ = {isa = PBXFileReference; lastKnownFileType = text.plist.strings; name = "en-US"; path = "en-US.lproj/LocalizableOverride.strings"; sourceTree = "<group>"; };
		34674D2C1E3D7120000B73E0 /* Base */ = {isa = PBXFileReference; lastKnownFileType = text.plist.strings; name = Base; path = Base.lproj/Localizable.strings; sourceTree = "<group>"; };
		348724F622C77BB2004D4FD1 /* tldr_pages_screenshot.swift */ = {isa = PBXFileReference; lastKnownFileType = sourcecode.swift; path = tldr_pages_screenshot.swift; sourceTree = "<group>"; };
		348724F822C77BB2004D4FD1 /* Info.plist */ = {isa = PBXFileReference; lastKnownFileType = text.plist.xml; path = Info.plist; sourceTree = "<group>"; };
		3487250222C77BF7004D4FD1 /* tldr-viewer-snapshottests.xctest */ = {isa = PBXFileReference; explicitFileType = wrapper.cfbundle; includeInIndex = 0; path = "tldr-viewer-snapshottests.xctest"; sourceTree = BUILT_PRODUCTS_DIR; };
		3487250422C77BF7004D4FD1 /* SnapshotTests.swift */ = {isa = PBXFileReference; lastKnownFileType = sourcecode.swift; path = SnapshotTests.swift; sourceTree = "<group>"; };
		3487250622C77BF7004D4FD1 /* Info.plist */ = {isa = PBXFileReference; lastKnownFileType = text.plist.xml; path = Info.plist; sourceTree = "<group>"; };
		3487250C22C77C4E004D4FD1 /* fastlane */ = {isa = PBXFileReference; lastKnownFileType = folder; path = fastlane; sourceTree = "<group>"; };
		3487250E22C77C7D004D4FD1 /* SnapshotHelper.swift */ = {isa = PBXFileReference; fileEncoding = 4; lastKnownFileType = sourcecode.swift; path = SnapshotHelper.swift; sourceTree = "<group>"; };
		34AFB61922F636F7007153B3 /* FilteringDataSourceDecorator.swift */ = {isa = PBXFileReference; lastKnownFileType = sourcecode.swift; path = FilteringDataSourceDecorator.swift; sourceTree = "<group>"; };
		34AFB61C22F6BE89007153B3 /* SwitchingDataSourceDecorator.swift */ = {isa = PBXFileReference; lastKnownFileType = sourcecode.swift; path = SwitchingDataSourceDecorator.swift; sourceTree = "<group>"; };
		34AFB61E22F6BED7007153B3 /* SearchingDataSourceDecorator.swift */ = {isa = PBXFileReference; lastKnownFileType = sourcecode.swift; path = SearchingDataSourceDecorator.swift; sourceTree = "<group>"; };
		34AFB62022F6BEE9007153B3 /* FavouriteDataSourceDecorator.swift */ = {isa = PBXFileReference; lastKnownFileType = sourcecode.swift; path = FavouriteDataSourceDecorator.swift; sourceTree = "<group>"; };
		34AFB62222F6CADF007153B3 /* DataSources.swift */ = {isa = PBXFileReference; lastKnownFileType = sourcecode.swift; path = DataSources.swift; sourceTree = "<group>"; };
		34AFB62422F704B8007153B3 /* WeakCollection.swift */ = {isa = PBXFileReference; lastKnownFileType = sourcecode.swift; path = WeakCollection.swift; sourceTree = "<group>"; };
		34C15E76226329CB00350367 /* en-US */ = {isa = PBXFileReference; lastKnownFileType = text.plist.strings; name = "en-US"; path = "en-US.lproj/Localizable.strings"; sourceTree = "<group>"; };
		34C800561E3D5CB000164493 /* Localizations.swift */ = {isa = PBXFileReference; fileEncoding = 4; lastKnownFileType = sourcecode.swift; path = Localizations.swift; sourceTree = "<group>"; };
		34D06BB91C519C1100D30041 /* Zip.framework */ = {isa = PBXFileReference; lastKnownFileType = wrapper.framework; name = Zip.framework; path = Carthage/Build/iOS/Zip.framework; sourceTree = "<group>"; };
		34D06BBC1C537CC100D30041 /* DataSource.swift */ = {isa = PBXFileReference; fileEncoding = 4; lastKnownFileType = sourcecode.swift; path = DataSource.swift; sourceTree = "<group>"; };
		34D06BC31C54203300D30041 /* DetailDataSource.swift */ = {isa = PBXFileReference; fileEncoding = 4; lastKnownFileType = sourcecode.swift; path = DetailDataSource.swift; sourceTree = "<group>"; };
		34D06BC51C5428D800D30041 /* ListTableViewController.swift */ = {isa = PBXFileReference; fileEncoding = 4; lastKnownFileType = sourcecode.swift; path = ListTableViewController.swift; sourceTree = "<group>"; };
		34D06BC71C54C60C00D30041 /* OldIndexCellViewModel.swift */ = {isa = PBXFileReference; fileEncoding = 4; lastKnownFileType = sourcecode.swift; path = OldIndexCellViewModel.swift; sourceTree = "<group>"; };
		34D06BCA1C54CA6100D30041 /* NSDateExtension.swift */ = {isa = PBXFileReference; fileEncoding = 4; lastKnownFileType = sourcecode.swift; path = NSDateExtension.swift; sourceTree = "<group>"; };
		34D06BCE1C5CC93700D30041 /* SpotlightSearch.swift */ = {isa = PBXFileReference; fileEncoding = 4; lastKnownFileType = sourcecode.swift; path = SpotlightSearch.swift; sourceTree = "<group>"; };
		34D06BD01C5CC9A000D30041 /* CoreSpotlight.framework */ = {isa = PBXFileReference; lastKnownFileType = wrapper.framework; name = CoreSpotlight.framework; path = System/Library/Frameworks/CoreSpotlight.framework; sourceTree = SDKROOT; };
		34D06BD21C5CCAF500D30041 /* MobileCoreServices.framework */ = {isa = PBXFileReference; lastKnownFileType = wrapper.framework; name = MobileCoreServices.framework; path = System/Library/Frameworks/MobileCoreServices.framework; sourceTree = SDKROOT; };
		34D5B64F1E350DA500C6AB64 /* Preferences.swift */ = {isa = PBXFileReference; fileEncoding = 4; lastKnownFileType = sourcecode.swift; path = Preferences.swift; sourceTree = "<group>"; };
		34D5B6511E350EF500C6AB64 /* Constants.swift */ = {isa = PBXFileReference; fileEncoding = 4; lastKnownFileType = sourcecode.swift; path = Constants.swift; sourceTree = "<group>"; };
		34D5B6531E35168700C6AB64 /* Shortcuts.swift */ = {isa = PBXFileReference; fileEncoding = 4; lastKnownFileType = sourcecode.swift; path = Shortcuts.swift; sourceTree = "<group>"; };
		34D5B6551E351D4000C6AB64 /* ShortcutHandler.swift */ = {isa = PBXFileReference; fileEncoding = 4; lastKnownFileType = sourcecode.swift; path = ShortcutHandler.swift; sourceTree = "<group>"; };
		34D6AE9E1E3CD86A00F12B10 /* tldr-viewer.entitlements */ = {isa = PBXFileReference; lastKnownFileType = text.plist.entitlements; path = "tldr-viewer.entitlements"; sourceTree = "<group>"; };
		34F9E0042258F3E4007A6929 /* PRIVACYPOLICY.md */ = {isa = PBXFileReference; lastKnownFileType = net.daringfireball.markdown; path = PRIVACYPOLICY.md; sourceTree = "<group>"; };
		34FBC0CE1C38A189008AD2C0 /* TextCellBasic.swift */ = {isa = PBXFileReference; fileEncoding = 4; lastKnownFileType = sourcecode.swift; path = TextCellBasic.swift; sourceTree = "<group>"; };
		34FD9AB41C3885C6001DB968 /* InfoViewController.swift */ = {isa = PBXFileReference; fileEncoding = 4; lastKnownFileType = sourcecode.swift; path = InfoViewController.swift; sourceTree = "<group>"; };
		34FD9AB61C3885CE001DB968 /* InfoViewModel.swift */ = {isa = PBXFileReference; fileEncoding = 4; lastKnownFileType = sourcecode.swift; path = InfoViewModel.swift; sourceTree = "<group>"; };
		34FD9AB81C388A15001DB968 /* TextCellRightDetail.swift */ = {isa = PBXFileReference; fileEncoding = 4; lastKnownFileType = sourcecode.swift; path = TextCellRightDetail.swift; sourceTree = "<group>"; };
		34FD9ABA1C388A1E001DB968 /* TextCellViewModel.swift */ = {isa = PBXFileReference; fileEncoding = 4; lastKnownFileType = sourcecode.swift; path = TextCellViewModel.swift; sourceTree = "<group>"; };
		34FD9ABC1C388C83001DB968 /* GroupViewModel.swift */ = {isa = PBXFileReference; fileEncoding = 4; lastKnownFileType = sourcecode.swift; path = GroupViewModel.swift; sourceTree = "<group>"; };
		34FDB1891C3C8FCA00587386 /* SectionViewModel.swift */ = {isa = PBXFileReference; fileEncoding = 4; lastKnownFileType = sourcecode.swift; path = SectionViewModel.swift; sourceTree = "<group>"; };
/* End PBXFileReference section */

/* Begin PBXFrameworksBuildPhase section */
		3425147D1C349D96001D31F4 /* Frameworks */ = {
			isa = PBXFrameworksBuildPhase;
			buildActionMask = 2147483647;
			files = (
				34D06BD31C5CCAF500D30041 /* MobileCoreServices.framework in Frameworks */,
				34D06BD11C5CC9A000D30041 /* CoreSpotlight.framework in Frameworks */,
				34358AF51C3589D200BB7DDB /* WebKit.framework in Frameworks */,
				34D06BBE1C5386DF00D30041 /* Zip.framework in Frameworks */,
			);
			runOnlyForDeploymentPostprocessing = 0;
		};
		348724FF22C77BF7004D4FD1 /* Frameworks */ = {
			isa = PBXFrameworksBuildPhase;
			buildActionMask = 2147483647;
			files = (
			);
			runOnlyForDeploymentPostprocessing = 0;
		};
/* End PBXFrameworksBuildPhase section */

/* Begin PBXGroup section */
		34048D251C37211200E91EE7 /* Views */ = {
			isa = PBXGroup;
			children = (
				34048D261C37212A00E91EE7 /* ActionButton.swift */,
				3459C6901E3BA21600DD6053 /* SegmentedControl.swift */,
				3459C6921E3BA25400DD6053 /* SegmentedControlInverse.swift */,
			);
			name = Views;
			sourceTree = "<group>";
		};
		342514771C349D96001D31F4 = {
			isa = PBXGroup;
			children = (
				3487250C22C77C4E004D4FD1 /* fastlane */,
				34F9E0042258F3E4007A6929 /* PRIVACYPOLICY.md */,
				34474FE01E3D2E3E00CBA95D /* README.md */,
				34D06BD21C5CCAF500D30041 /* MobileCoreServices.framework */,
				34D06BD01C5CC9A000D30041 /* CoreSpotlight.framework */,
				34D06BB91C519C1100D30041 /* Zip.framework */,
				34358AF41C3589D200BB7DDB /* WebKit.framework */,
				342514821C349D96001D31F4 /* tldr-viewer */,
				348724F522C77BB2004D4FD1 /* tldr-pages-screenshot */,
				3487250322C77BF7004D4FD1 /* tldr-viewer-snapshottests */,
				342514811C349D96001D31F4 /* Products */,
			);
			sourceTree = "<group>";
		};
		342514811C349D96001D31F4 /* Products */ = {
			isa = PBXGroup;
			children = (
				342514801C349D96001D31F4 /* tldr-viewer.app */,
				3487250222C77BF7004D4FD1 /* tldr-viewer-snapshottests.xctest */,
			);
			name = Products;
			sourceTree = "<group>";
		};
		342514821C349D96001D31F4 /* tldr-viewer */ = {
			isa = PBXGroup;
			children = (
				34D6AE9E1E3CD86A00F12B10 /* tldr-viewer.entitlements */,
				342514831C349D96001D31F4 /* AppDelegate.swift */,
				342514971C34A151001D31F4 /* List */,
				342514981C34A15D001D31F4 /* Detail */,
				34FD9AB31C3885B6001DB968 /* Info */,
				3425149B1C34A459001D31F4 /* Common */,
				342514891C349D96001D31F4 /* Main.storyboard */,
				3425148C1C349D96001D31F4 /* Assets.xcassets */,
				3425148E1C349D96001D31F4 /* LaunchScreen.storyboard */,
				342514911C349D96001D31F4 /* Info.plist */,
				3465C1C01E3D6792008D4560 /* Localizable.strings */,
				3465C1CC1E3D6E82008D4560 /* LocalizableOverride.strings */,
			);
			path = "tldr-viewer";
			sourceTree = "<group>";
		};
		342514971C34A151001D31F4 /* List */ = {
			isa = PBXGroup;
			children = (
				342514851C349D96001D31F4 /* ListViewController.swift */,
				342514991C34A31E001D31F4 /* ListViewModel.swift */,
				342514A01C34AE5E001D31F4 /* CommandCellViewModel.swift */,
				342514A21C34B01F001D31F4 /* CommandCell.swift */,
				34048D1D1C36DC6200E91EE7 /* ErrorCellViewModel.swift */,
				34048D1F1C36DF0200E91EE7 /* MessageAndButtonCell.swift */,
				34048D211C36E4CF00E91EE7 /* LoadingCell.swift */,
				34048D231C36E4DD00E91EE7 /* LoadingCellViewModel.swift */,
				34D06BC51C5428D800D30041 /* ListTableViewController.swift */,
				34D06BC71C54C60C00D30041 /* OldIndexCellViewModel.swift */,
				34555B761E36B8FB0049AD5F /* NoResultsCellViewModel.swift */,
				34474FE41E3D33DE00CBA95D /* MessageCell.swift */,
				34474FE61E3D350300CBA95D /* NoFavouritesCellViewModel.swift */,
			);
			name = List;
			sourceTree = "<group>";
		};
		342514981C34A15D001D31F4 /* Detail */ = {
			isa = PBXGroup;
			children = (
				342514871C349D96001D31F4 /* DetailViewController.swift */,
				342514AE1C353FD3001D31F4 /* DetailViewModel.swift */,
				34048D281C37402500E91EE7 /* DetailPlatformViewModel.swift */,
			);
			name = Detail;
			sourceTree = "<group>";
		};
		3425149B1C34A459001D31F4 /* Common */ = {
			isa = PBXGroup;
			children = (
				34C800561E3D5CB000164493 /* Localizations.swift */,
				34AFB61B22F6B9ED007153B3 /* DataSource */,
				34D06BC91C54CA4900D30041 /* Extensions */,
				34048D251C37211200E91EE7 /* Views */,
				34358AF81C35D80000BB7DDB /* Style */,
				3425149C1C34A4CC001D31F4 /* BaseCellViewModel.swift */,
				3425149E1C34AA9F001D31F4 /* BaseCell.swift */,
				342514A41C34BA05001D31F4 /* TLDRURLSessionConfiguration.swift */,
				342514A61C34BCEF001D31F4 /* TLDRRequest.swift */,
				342514A81C34BD82001D31F4 /* TLDRResponse.swift */,
				342514AA1C34C5D8001D31F4 /* Command.swift */,
				34048D1B1C36CF8800E91EE7 /* Platform.swift */,
				34FD9ABC1C388C83001DB968 /* GroupViewModel.swift */,
				34FDB1891C3C8FCA00587386 /* SectionViewModel.swift */,
				34D06BC31C54203300D30041 /* DetailDataSource.swift */,
				34D06BCE1C5CC93700D30041 /* SpotlightSearch.swift */,
				34D5B64F1E350DA500C6AB64 /* Preferences.swift */,
				34D5B6511E350EF500C6AB64 /* Constants.swift */,
				34D5B6531E35168700C6AB64 /* Shortcuts.swift */,
				34D5B6551E351D4000C6AB64 /* ShortcutHandler.swift */,
				344716CB22EC8296001AF9D7 /* CommandVariant.swift */,
				34AFB62422F704B8007153B3 /* WeakCollection.swift */,
			);
			name = Common;
			sourceTree = "<group>";
		};
		34358AF81C35D80000BB7DDB /* Style */ = {
			isa = PBXGroup;
			children = (
				34358AF61C3592CC00BB7DDB /* Theme.swift */,
				34358AF91C35D81F00BB7DDB /* style.css */,
			);
			name = Style;
			sourceTree = "<group>";
		};
		348724F522C77BB2004D4FD1 /* tldr-pages-screenshot */ = {
			isa = PBXGroup;
			children = (
				348724F622C77BB2004D4FD1 /* tldr_pages_screenshot.swift */,
				348724F822C77BB2004D4FD1 /* Info.plist */,
			);
			path = "tldr-pages-screenshot";
			sourceTree = "<group>";
		};
		3487250322C77BF7004D4FD1 /* tldr-viewer-snapshottests */ = {
			isa = PBXGroup;
			children = (
				3487250E22C77C7D004D4FD1 /* SnapshotHelper.swift */,
				3487250422C77BF7004D4FD1 /* SnapshotTests.swift */,
				3487250622C77BF7004D4FD1 /* Info.plist */,
			);
			path = "tldr-viewer-snapshottests";
			sourceTree = "<group>";
		};
		34AFB61B22F6B9ED007153B3 /* DataSource */ = {
			isa = PBXGroup;
			children = (
				3459C68A1E3B5C3200DD6053 /* DataSourcing.swift */,
				34D06BBC1C537CC100D30041 /* DataSource.swift */,
				34AFB61922F636F7007153B3 /* FilteringDataSourceDecorator.swift */,
				34AFB61C22F6BE89007153B3 /* SwitchingDataSourceDecorator.swift */,
				34AFB61E22F6BED7007153B3 /* SearchingDataSourceDecorator.swift */,
				34AFB62022F6BEE9007153B3 /* FavouriteDataSourceDecorator.swift */,
				34AFB62222F6CADF007153B3 /* DataSources.swift */,
			);
			name = DataSource;
			sourceTree = "<group>";
		};
		34D06BC91C54CA4900D30041 /* Extensions */ = {
			isa = PBXGroup;
			children = (
				34D06BCA1C54CA6100D30041 /* NSDateExtension.swift */,
			);
			name = Extensions;
			sourceTree = "<group>";
		};
		34FD9AB31C3885B6001DB968 /* Info */ = {
			isa = PBXGroup;
			children = (
				34FD9AB41C3885C6001DB968 /* InfoViewController.swift */,
				34FD9AB61C3885CE001DB968 /* InfoViewModel.swift */,
				34FD9AB81C388A15001DB968 /* TextCellRightDetail.swift */,
				34FBC0CE1C38A189008AD2C0 /* TextCellBasic.swift */,
				34FD9ABA1C388A1E001DB968 /* TextCellViewModel.swift */,
			);
			name = Info;
			sourceTree = "<group>";
		};
/* End PBXGroup section */

/* Begin PBXNativeTarget section */
		3425147F1C349D96001D31F4 /* tldr-viewer */ = {
			isa = PBXNativeTarget;
			buildConfigurationList = 342514941C349D96001D31F4 /* Build configuration list for PBXNativeTarget "tldr-viewer" */;
			buildPhases = (
				34674D2D1E3D72D6000B73E0 /* Run Script (US localization override) */,
				34C800531E3D5B5900164493 /* Run Script (Laurine) */,
				3425147C1C349D96001D31F4 /* Sources */,
				3425147D1C349D96001D31F4 /* Frameworks */,
				3425147E1C349D96001D31F4 /* Resources */,
				34D06BBB1C519C2100D30041 /* Run Script (carthage copy frameworks) */,
			);
			buildRules = (
			);
			dependencies = (
			);
			name = "tldr-viewer";
			productName = "tldr-viewer";
			productReference = 342514801C349D96001D31F4 /* tldr-viewer.app */;
			productType = "com.apple.product-type.application";
		};
		3487250122C77BF7004D4FD1 /* tldr-viewer-snapshottests */ = {
			isa = PBXNativeTarget;
			buildConfigurationList = 3487250922C77BF7004D4FD1 /* Build configuration list for PBXNativeTarget "tldr-viewer-snapshottests" */;
			buildPhases = (
				348724FE22C77BF7004D4FD1 /* Sources */,
				348724FF22C77BF7004D4FD1 /* Frameworks */,
				3487250022C77BF7004D4FD1 /* Resources */,
			);
			buildRules = (
			);
			dependencies = (
				3487250822C77BF7004D4FD1 /* PBXTargetDependency */,
			);
			name = "tldr-viewer-snapshottests";
			productName = "tldr-viewer-snapshottests";
			productReference = 3487250222C77BF7004D4FD1 /* tldr-viewer-snapshottests.xctest */;
			productType = "com.apple.product-type.bundle.ui-testing";
		};
/* End PBXNativeTarget section */

/* Begin PBXProject section */
		342514781C349D96001D31F4 /* Project object */ = {
			isa = PBXProject;
			attributes = {
				LastSwiftUpdateCheck = 1020;
				LastUpgradeCheck = 0940;
				ORGANIZATIONNAME = "Green Light";
				TargetAttributes = {
					3425147F1C349D96001D31F4 = {
						CreatedOnToolsVersion = 7.2;
						DevelopmentTeam = 5Q656C7A6K;
						LastSwiftMigration = 1020;
						ProvisioningStyle = Automatic;
						SystemCapabilities = {
							com.apple.iCloud = {
								enabled = 1;
							};
						};
					};
					3487250122C77BF7004D4FD1 = {
						CreatedOnToolsVersion = 10.2.1;
						DevelopmentTeam = 5Q656C7A6K;
						ProvisioningStyle = Automatic;
						TestTargetID = 3425147F1C349D96001D31F4;
					};
				};
			};
			buildConfigurationList = 3425147B1C349D96001D31F4 /* Build configuration list for PBXProject "tldr-viewer" */;
			compatibilityVersion = "Xcode 3.2";
			developmentRegion = en;
			hasScannedForEncodings = 0;
			knownRegions = (
				en,
				Base,
				"en-US",
			);
			mainGroup = 342514771C349D96001D31F4;
			productRefGroup = 342514811C349D96001D31F4 /* Products */;
			projectDirPath = "";
			projectRoot = "";
			targets = (
				3425147F1C349D96001D31F4 /* tldr-viewer */,
				3487250122C77BF7004D4FD1 /* tldr-viewer-snapshottests */,
			);
		};
/* End PBXProject section */

/* Begin PBXResourcesBuildPhase section */
		3425147E1C349D96001D31F4 /* Resources */ = {
			isa = PBXResourcesBuildPhase;
			buildActionMask = 2147483647;
			files = (
				3465C1BE1E3D6792008D4560 /* Localizable.strings in Resources */,
				342514901C349D96001D31F4 /* LaunchScreen.storyboard in Resources */,
				34358AFA1C35D81F00BB7DDB /* style.css in Resources */,
				3465C1CA1E3D6E82008D4560 /* LocalizableOverride.strings in Resources */,
				3487250D22C77C4E004D4FD1 /* fastlane in Resources */,
				3425148D1C349D96001D31F4 /* Assets.xcassets in Resources */,
				3425148B1C349D96001D31F4 /* Main.storyboard in Resources */,
			);
			runOnlyForDeploymentPostprocessing = 0;
		};
		3487250022C77BF7004D4FD1 /* Resources */ = {
			isa = PBXResourcesBuildPhase;
			buildActionMask = 2147483647;
			files = (
			);
			runOnlyForDeploymentPostprocessing = 0;
		};
/* End PBXResourcesBuildPhase section */

/* Begin PBXShellScriptBuildPhase section */
		34674D2D1E3D72D6000B73E0 /* Run Script (US localization override) */ = {
			isa = PBXShellScriptBuildPhase;
			buildActionMask = 2147483647;
			files = (
			);
			inputPaths = (
			);
			name = "Run Script (US localization override)";
			outputPaths = (
			);
			runOnlyForDeploymentPostprocessing = 0;
			shellPath = /bin/sh;
			shellScript = "BASE_PATH=\"$PROJECT_DIR/$PROJECT_NAME\"\necho \"// AUTO-GENERATED - DO NOT EDIT!\" > \"$BASE_PATH/en-US.lproj/Localizable.strings\"\necho \"\" >> \"$BASE_PATH/en-US.lproj/Localizable.strings\"\necho \"// BASE STRINGS\" >> \"$BASE_PATH/en-US.lproj/Localizable.strings\"\ncat \"$BASE_PATH/Base.lproj/Localizable.strings\" >> \"$BASE_PATH/en-US.lproj/Localizable.strings\"\necho \"\" >> \"$BASE_PATH/en-US.lproj/Localizable.strings\"\necho \"// OVERRIDE STRINGS\" >> \"$BASE_PATH/en-US.lproj/Localizable.strings\"\ncat \"$BASE_PATH/en-US.lproj/LocalizableOverride.strings\" >> \"$BASE_PATH/en-US.lproj/Localizable.strings\"\n";
			showEnvVarsInLog = 0;
		};
		34C800531E3D5B5900164493 /* Run Script (Laurine) */ = {
			isa = PBXShellScriptBuildPhase;
			buildActionMask = 2147483647;
			files = (
			);
			inputPaths = (
			);
			name = "Run Script (Laurine)";
			outputPaths = (
			);
			runOnlyForDeploymentPostprocessing = 0;
			shellPath = /bin/sh;
			shellScript = "set -x\n\n# Get base path to project\nBASE_PATH=\"$PROJECT_DIR/$PROJECT_NAME\"\n\n#--------- START OF YOUR CONFIGURATION (change Path_To_.. to fit)\n\n# Get path to Laurine Generator script its the binary\nLAURINE_PATH=\"$BASE_PATH/../scripts/LaurineGenerator.swift\"\nLAURINE_BIN_PATH=\"$BASE_PATH/../bin/laurine\"\n\n# Get path to main localization file (usually english).\nSOURCE_PATH=\"$BASE_PATH/Base.lproj/Localizable.strings\"\n\n# Get path to output. If you use ObjC version of output, set implementation file (.m), as header will be generated automatically\nOUTPUT_PATH=\"$BASE_PATH/Localizations.swift\"\n\n#--------- END OF YOUR CONFIGURATION\n\n# Build laurine binary if necessary\nif [ ! -f $LAURINE_BIN_PATH ]; then\nenv -i swiftc -emit-executable -o$LAURINE_BIN_PATH $LAURINE_PATH\nfi\n\n# Actually generate output. -- CUSTOMIZE -- parameters to your needs (see documentation).\n# Will only re-generate script if something changed\nif [ \"$OUTPUT_PATH\" -ot \"$SOURCE_PATH\" ]; then\n\"$LAURINE_BIN_PATH\" -i \"$SOURCE_PATH\" -c -o \"$OUTPUT_PATH\"\nfi\n";
			showEnvVarsInLog = 0;
		};
		34D06BBB1C519C2100D30041 /* Run Script (carthage copy frameworks) */ = {
			isa = PBXShellScriptBuildPhase;
			buildActionMask = 2147483647;
			files = (
			);
			inputPaths = (
				"$(SRCROOT)/Carthage/Build/iOS/Zip.framework",
				"$(SRCROOT)/Carthage/Build/iOS/Down.framework",
			);
			name = "Run Script (carthage copy frameworks)";
			outputPaths = (
			);
			runOnlyForDeploymentPostprocessing = 0;
			shellPath = /bin/sh;
			shellScript = "/usr/local/bin/carthage copy-frameworks\n";
			showEnvVarsInLog = 0;
		};
/* End PBXShellScriptBuildPhase section */

/* Begin PBXSourcesBuildPhase section */
		3425147C1C349D96001D31F4 /* Sources */ = {
			isa = PBXSourcesBuildPhase;
			buildActionMask = 2147483647;
			files = (
				34474FE51E3D33DE00CBA95D /* MessageCell.swift in Sources */,
				34AFB61A22F636F7007153B3 /* FilteringDataSourceDecorator.swift in Sources */,
				3459C6911E3BA21600DD6053 /* SegmentedControl.swift in Sources */,
				34FD9AB91C388A15001DB968 /* TextCellRightDetail.swift in Sources */,
				34C800571E3D5CB000164493 /* Localizations.swift in Sources */,
				342514A91C34BD82001D31F4 /* TLDRResponse.swift in Sources */,
				342514881C349D96001D31F4 /* DetailViewController.swift in Sources */,
				342514861C349D96001D31F4 /* ListViewController.swift in Sources */,
				34048D241C36E4DD00E91EE7 /* LoadingCellViewModel.swift in Sources */,
				34FDB18A1C3C8FCA00587386 /* SectionViewModel.swift in Sources */,
				342514A11C34AE5E001D31F4 /* CommandCellViewModel.swift in Sources */,
				34D06BC81C54C60C00D30041 /* OldIndexCellViewModel.swift in Sources */,
				34D5B6561E351D4000C6AB64 /* ShortcutHandler.swift in Sources */,
				342514A31C34B01F001D31F4 /* CommandCell.swift in Sources */,
				34555B771E36B8FB0049AD5F /* NoResultsCellViewModel.swift in Sources */,
				34048D291C37402500E91EE7 /* DetailPlatformViewModel.swift in Sources */,
				3425149A1C34A31E001D31F4 /* ListViewModel.swift in Sources */,
				342514A51C34BA05001D31F4 /* TLDRURLSessionConfiguration.swift in Sources */,
				342514A71C34BCEF001D31F4 /* TLDRRequest.swift in Sources */,
				34D5B6541E35168700C6AB64 /* Shortcuts.swift in Sources */,
				34FD9ABD1C388C83001DB968 /* GroupViewModel.swift in Sources */,
				342514841C349D96001D31F4 /* AppDelegate.swift in Sources */,
				342514AF1C353FD3001D31F4 /* DetailViewModel.swift in Sources */,
				34AFB62322F6CADF007153B3 /* DataSources.swift in Sources */,
				3425149F1C34AA9F001D31F4 /* BaseCell.swift in Sources */,
				34AFB61D22F6BE89007153B3 /* SwitchingDataSourceDecorator.swift in Sources */,
				34AFB62122F6BEE9007153B3 /* FavouriteDataSourceDecorator.swift in Sources */,
				34FD9AB71C3885CE001DB968 /* InfoViewModel.swift in Sources */,
				344716CC22EC8296001AF9D7 /* CommandVariant.swift in Sources */,
				34358AF71C3592CC00BB7DDB /* Theme.swift in Sources */,
				34D06BC41C54203300D30041 /* DetailDataSource.swift in Sources */,
				3425149D1C34A4CC001D31F4 /* BaseCellViewModel.swift in Sources */,
				34D06BBD1C537CC100D30041 /* DataSource.swift in Sources */,
				34048D201C36DF0200E91EE7 /* MessageAndButtonCell.swift in Sources */,
				34048D1C1C36CF8800E91EE7 /* Platform.swift in Sources */,
				34FBC0CF1C38A189008AD2C0 /* TextCellBasic.swift in Sources */,
				34D5B6501E350DA500C6AB64 /* Preferences.swift in Sources */,
				342514AB1C34C5D8001D31F4 /* Command.swift in Sources */,
				34D06BCF1C5CC93700D30041 /* SpotlightSearch.swift in Sources */,
				3459C68B1E3B5C3200DD6053 /* DataSourcing.swift in Sources */,
				34FD9ABB1C388A1E001DB968 /* TextCellViewModel.swift in Sources */,
				34D06BCB1C54CA6100D30041 /* NSDateExtension.swift in Sources */,
				34AFB62522F704B8007153B3 /* WeakCollection.swift in Sources */,
				3459C6931E3BA25400DD6053 /* SegmentedControlInverse.swift in Sources */,
				34D06BC61C5428D800D30041 /* ListTableViewController.swift in Sources */,
				34048D1E1C36DC6200E91EE7 /* ErrorCellViewModel.swift in Sources */,
				34048D221C36E4CF00E91EE7 /* LoadingCell.swift in Sources */,
				34AFB61F22F6BED7007153B3 /* SearchingDataSourceDecorator.swift in Sources */,
				34474FE71E3D350300CBA95D /* NoFavouritesCellViewModel.swift in Sources */,
				34048D271C37212A00E91EE7 /* ActionButton.swift in Sources */,
				34D5B6521E350EF500C6AB64 /* Constants.swift in Sources */,
				34FD9AB51C3885C6001DB968 /* InfoViewController.swift in Sources */,
			);
			runOnlyForDeploymentPostprocessing = 0;
		};
		348724FE22C77BF7004D4FD1 /* Sources */ = {
			isa = PBXSourcesBuildPhase;
			buildActionMask = 2147483647;
			files = (
				3487250522C77BF7004D4FD1 /* SnapshotTests.swift in Sources */,
				3487250F22C77C7D004D4FD1 /* SnapshotHelper.swift in Sources */,
			);
			runOnlyForDeploymentPostprocessing = 0;
		};
/* End PBXSourcesBuildPhase section */

/* Begin PBXTargetDependency section */
		3487250822C77BF7004D4FD1 /* PBXTargetDependency */ = {
			isa = PBXTargetDependency;
			target = 3425147F1C349D96001D31F4 /* tldr-viewer */;
			targetProxy = 3487250722C77BF7004D4FD1 /* PBXContainerItemProxy */;
		};
/* End PBXTargetDependency section */

/* Begin PBXVariantGroup section */
		342514891C349D96001D31F4 /* Main.storyboard */ = {
			isa = PBXVariantGroup;
			children = (
				3425148A1C349D96001D31F4 /* Base */,
			);
			name = Main.storyboard;
			sourceTree = "<group>";
		};
		3425148E1C349D96001D31F4 /* LaunchScreen.storyboard */ = {
			isa = PBXVariantGroup;
			children = (
				3425148F1C349D96001D31F4 /* Base */,
			);
			name = LaunchScreen.storyboard;
			sourceTree = "<group>";
		};
		3465C1C01E3D6792008D4560 /* Localizable.strings */ = {
			isa = PBXVariantGroup;
			children = (
				34674D2C1E3D7120000B73E0 /* Base */,
				34C15E76226329CB00350367 /* en-US */,
			);
			name = Localizable.strings;
			sourceTree = "<group>";
		};
		3465C1CC1E3D6E82008D4560 /* LocalizableOverride.strings */ = {
			isa = PBXVariantGroup;
			children = (
				3465C1CD1E3D6E87008D4560 /* en-US */,
			);
			name = LocalizableOverride.strings;
			sourceTree = "<group>";
		};
/* End PBXVariantGroup section */

/* Begin XCBuildConfiguration section */
		342514921C349D96001D31F4 /* Debug */ = {
			isa = XCBuildConfiguration;
			buildSettings = {
				ALWAYS_SEARCH_USER_PATHS = NO;
				CLANG_ANALYZER_LOCALIZABILITY_NONLOCALIZED = YES;
				CLANG_CXX_LANGUAGE_STANDARD = "gnu++0x";
				CLANG_CXX_LIBRARY = "libc++";
				CLANG_ENABLE_MODULES = YES;
				CLANG_ENABLE_OBJC_ARC = YES;
				CLANG_WARN_BLOCK_CAPTURE_AUTORELEASING = YES;
				CLANG_WARN_BOOL_CONVERSION = YES;
				CLANG_WARN_COMMA = YES;
				CLANG_WARN_CONSTANT_CONVERSION = YES;
				CLANG_WARN_DEPRECATED_OBJC_IMPLEMENTATIONS = YES;
				CLANG_WARN_DIRECT_OBJC_ISA_USAGE = YES_ERROR;
				CLANG_WARN_EMPTY_BODY = YES;
				CLANG_WARN_ENUM_CONVERSION = YES;
				CLANG_WARN_INFINITE_RECURSION = YES;
				CLANG_WARN_INT_CONVERSION = YES;
				CLANG_WARN_NON_LITERAL_NULL_CONVERSION = YES;
				CLANG_WARN_OBJC_IMPLICIT_RETAIN_SELF = YES;
				CLANG_WARN_OBJC_LITERAL_CONVERSION = YES;
				CLANG_WARN_OBJC_ROOT_CLASS = YES_ERROR;
				CLANG_WARN_RANGE_LOOP_ANALYSIS = YES;
				CLANG_WARN_STRICT_PROTOTYPES = YES;
				CLANG_WARN_SUSPICIOUS_MOVE = YES;
				CLANG_WARN_UNREACHABLE_CODE = YES;
				CLANG_WARN__DUPLICATE_METHOD_MATCH = YES;
				"CODE_SIGN_IDENTITY[sdk=iphoneos*]" = "iPhone Developer";
				COPY_PHASE_STRIP = NO;
				DEBUG_INFORMATION_FORMAT = dwarf;
				ENABLE_STRICT_OBJC_MSGSEND = YES;
				ENABLE_TESTABILITY = YES;
				GCC_C_LANGUAGE_STANDARD = gnu99;
				GCC_DYNAMIC_NO_PIC = NO;
				GCC_NO_COMMON_BLOCKS = YES;
				GCC_OPTIMIZATION_LEVEL = 0;
				GCC_PREPROCESSOR_DEFINITIONS = (
					"DEBUG=1",
					"$(inherited)",
				);
				GCC_WARN_64_TO_32_BIT_CONVERSION = YES;
				GCC_WARN_ABOUT_RETURN_TYPE = YES_ERROR;
				GCC_WARN_UNDECLARED_SELECTOR = YES;
				GCC_WARN_UNINITIALIZED_AUTOS = YES_AGGRESSIVE;
				GCC_WARN_UNUSED_FUNCTION = YES;
				GCC_WARN_UNUSED_VARIABLE = YES;
				IPHONEOS_DEPLOYMENT_TARGET = 11.0;
				MTL_ENABLE_DEBUG_INFO = YES;
				ONLY_ACTIVE_ARCH = YES;
				SDKROOT = iphoneos;
				SWIFT_OPTIMIZATION_LEVEL = "-Onone";
				SWIFT_VERSION = 4.0;
				TARGETED_DEVICE_FAMILY = "1,2";
			};
			name = Debug;
		};
		342514931C349D96001D31F4 /* Release */ = {
			isa = XCBuildConfiguration;
			buildSettings = {
				ALWAYS_SEARCH_USER_PATHS = NO;
				CLANG_ANALYZER_LOCALIZABILITY_NONLOCALIZED = YES;
				CLANG_CXX_LANGUAGE_STANDARD = "gnu++0x";
				CLANG_CXX_LIBRARY = "libc++";
				CLANG_ENABLE_MODULES = YES;
				CLANG_ENABLE_OBJC_ARC = YES;
				CLANG_WARN_BLOCK_CAPTURE_AUTORELEASING = YES;
				CLANG_WARN_BOOL_CONVERSION = YES;
				CLANG_WARN_COMMA = YES;
				CLANG_WARN_CONSTANT_CONVERSION = YES;
				CLANG_WARN_DEPRECATED_OBJC_IMPLEMENTATIONS = YES;
				CLANG_WARN_DIRECT_OBJC_ISA_USAGE = YES_ERROR;
				CLANG_WARN_EMPTY_BODY = YES;
				CLANG_WARN_ENUM_CONVERSION = YES;
				CLANG_WARN_INFINITE_RECURSION = YES;
				CLANG_WARN_INT_CONVERSION = YES;
				CLANG_WARN_NON_LITERAL_NULL_CONVERSION = YES;
				CLANG_WARN_OBJC_IMPLICIT_RETAIN_SELF = YES;
				CLANG_WARN_OBJC_LITERAL_CONVERSION = YES;
				CLANG_WARN_OBJC_ROOT_CLASS = YES_ERROR;
				CLANG_WARN_RANGE_LOOP_ANALYSIS = YES;
				CLANG_WARN_STRICT_PROTOTYPES = YES;
				CLANG_WARN_SUSPICIOUS_MOVE = YES;
				CLANG_WARN_UNREACHABLE_CODE = YES;
				CLANG_WARN__DUPLICATE_METHOD_MATCH = YES;
				"CODE_SIGN_IDENTITY[sdk=iphoneos*]" = "iPhone Developer";
				COPY_PHASE_STRIP = NO;
				DEBUG_INFORMATION_FORMAT = "dwarf-with-dsym";
				ENABLE_NS_ASSERTIONS = NO;
				ENABLE_STRICT_OBJC_MSGSEND = YES;
				GCC_C_LANGUAGE_STANDARD = gnu99;
				GCC_NO_COMMON_BLOCKS = YES;
				GCC_WARN_64_TO_32_BIT_CONVERSION = YES;
				GCC_WARN_ABOUT_RETURN_TYPE = YES_ERROR;
				GCC_WARN_UNDECLARED_SELECTOR = YES;
				GCC_WARN_UNINITIALIZED_AUTOS = YES_AGGRESSIVE;
				GCC_WARN_UNUSED_FUNCTION = YES;
				GCC_WARN_UNUSED_VARIABLE = YES;
				IPHONEOS_DEPLOYMENT_TARGET = 11.0;
				MTL_ENABLE_DEBUG_INFO = NO;
				SDKROOT = iphoneos;
				SWIFT_OPTIMIZATION_LEVEL = "-Owholemodule";
				SWIFT_VERSION = 4.0;
				TARGETED_DEVICE_FAMILY = "1,2";
				VALIDATE_PRODUCT = YES;
			};
			name = Release;
		};
		342514951C349D96001D31F4 /* Debug */ = {
			isa = XCBuildConfiguration;
			buildSettings = {
				ASSETCATALOG_COMPILER_APPICON_NAME = AppIcon;
				CODE_SIGN_ENTITLEMENTS = "tldr-viewer/tldr-viewer.entitlements";
				"CODE_SIGN_IDENTITY[sdk=iphoneos*]" = "iPhone Developer";
				CURRENT_PROJECT_VERSION = 1.9.2.0;
				DEBUG_INFORMATION_FORMAT = "dwarf-with-dsym";
				DEVELOPMENT_TEAM = 5Q656C7A6K;
				FRAMEWORK_SEARCH_PATHS = (
					"$(inherited)",
					"$(PROJECT_DIR)/Carthage/Build/iOS",
					"$(PROJECT_DIR)",
				);
				INFOPLIST_FILE = "tldr-viewer/Info.plist";
				IPHONEOS_DEPLOYMENT_TARGET = 11.0;
				LD_RUNPATH_SEARCH_PATHS = "$(inherited) @executable_path/Frameworks";
				MARKETING_VERSION = 1.9.2;
				PRODUCT_BUNDLE_IDENTIFIER = "uk.co.greenlightapps.tldr-viewer";
				PRODUCT_NAME = "$(TARGET_NAME)";
				SWIFT_VERSION = 5.0;
			};
			name = Debug;
		};
		342514961C349D96001D31F4 /* Release */ = {
			isa = XCBuildConfiguration;
			buildSettings = {
				ASSETCATALOG_COMPILER_APPICON_NAME = AppIcon;
				CODE_SIGN_ENTITLEMENTS = "tldr-viewer/tldr-viewer.entitlements";
				"CODE_SIGN_IDENTITY[sdk=iphoneos*]" = "iPhone Developer";
				CURRENT_PROJECT_VERSION = 1.9.2.0;
				DEVELOPMENT_TEAM = 5Q656C7A6K;
				FRAMEWORK_SEARCH_PATHS = (
					"$(inherited)",
					"$(PROJECT_DIR)/Carthage/Build/iOS",
					"$(PROJECT_DIR)",
				);
				INFOPLIST_FILE = "tldr-viewer/Info.plist";
				IPHONEOS_DEPLOYMENT_TARGET = 11.0;
				LD_RUNPATH_SEARCH_PATHS = "$(inherited) @executable_path/Frameworks";
				MARKETING_VERSION = 1.9.2;
				PRODUCT_BUNDLE_IDENTIFIER = "uk.co.greenlightapps.tldr-viewer";
				PRODUCT_NAME = "$(TARGET_NAME)";
				SWIFT_VERSION = 5.0;
			};
			name = Release;
		};
		3487250A22C77BF7004D4FD1 /* Debug */ = {
			isa = XCBuildConfiguration;
			buildSettings = {
				CLANG_ANALYZER_NONNULL = YES;
				CLANG_ANALYZER_NUMBER_OBJECT_CONVERSION = YES_AGGRESSIVE;
				CLANG_CXX_LANGUAGE_STANDARD = "gnu++14";
				CLANG_ENABLE_OBJC_WEAK = YES;
				CLANG_WARN_DOCUMENTATION_COMMENTS = YES;
				CLANG_WARN_UNGUARDED_AVAILABILITY = YES_AGGRESSIVE;
				CODE_SIGN_IDENTITY = "iPhone Developer";
				CODE_SIGN_STYLE = Automatic;
				DEVELOPMENT_TEAM = 5Q656C7A6K;
				GCC_C_LANGUAGE_STANDARD = gnu11;
				INFOPLIST_FILE = "tldr-viewer-snapshottests/Info.plist";
				IPHONEOS_DEPLOYMENT_TARGET = 12.2;
				LD_RUNPATH_SEARCH_PATHS = "$(inherited) @executable_path/Frameworks @loader_path/Frameworks";
				MTL_ENABLE_DEBUG_INFO = INCLUDE_SOURCE;
				MTL_FAST_MATH = YES;
				PRODUCT_BUNDLE_IDENTIFIER = "org.tthew.tldr-viewer-snapshottests";
				PRODUCT_NAME = "$(TARGET_NAME)";
				SWIFT_ACTIVE_COMPILATION_CONDITIONS = DEBUG;
				SWIFT_VERSION = 5.0;
				TARGETED_DEVICE_FAMILY = "1,2";
				TEST_TARGET_NAME = "tldr-viewer";
			};
			name = Debug;
		};
		3487250B22C77BF7004D4FD1 /* Release */ = {
			isa = XCBuildConfiguration;
			buildSettings = {
				CLANG_ANALYZER_NONNULL = YES;
				CLANG_ANALYZER_NUMBER_OBJECT_CONVERSION = YES_AGGRESSIVE;
				CLANG_CXX_LANGUAGE_STANDARD = "gnu++14";
				CLANG_ENABLE_OBJC_WEAK = YES;
				CLANG_WARN_DOCUMENTATION_COMMENTS = YES;
				CLANG_WARN_UNGUARDED_AVAILABILITY = YES_AGGRESSIVE;
				CODE_SIGN_IDENTITY = "iPhone Developer";
				CODE_SIGN_STYLE = Automatic;
				DEVELOPMENT_TEAM = 5Q656C7A6K;
				GCC_C_LANGUAGE_STANDARD = gnu11;
				INFOPLIST_FILE = "tldr-viewer-snapshottests/Info.plist";
				IPHONEOS_DEPLOYMENT_TARGET = 12.2;
				LD_RUNPATH_SEARCH_PATHS = "$(inherited) @executable_path/Frameworks @loader_path/Frameworks";
				MTL_FAST_MATH = YES;
				PRODUCT_BUNDLE_IDENTIFIER = "org.tthew.tldr-viewer-snapshottests";
				PRODUCT_NAME = "$(TARGET_NAME)";
				SWIFT_VERSION = 5.0;
				TARGETED_DEVICE_FAMILY = "1,2";
				TEST_TARGET_NAME = "tldr-viewer";
			};
			name = Release;
		};
/* End XCBuildConfiguration section */

/* Begin XCConfigurationList section */
		3425147B1C349D96001D31F4 /* Build configuration list for PBXProject "tldr-viewer" */ = {
			isa = XCConfigurationList;
			buildConfigurations = (
				342514921C349D96001D31F4 /* Debug */,
				342514931C349D96001D31F4 /* Release */,
			);
			defaultConfigurationIsVisible = 0;
			defaultConfigurationName = Release;
		};
		342514941C349D96001D31F4 /* Build configuration list for PBXNativeTarget "tldr-viewer" */ = {
			isa = XCConfigurationList;
			buildConfigurations = (
				342514951C349D96001D31F4 /* Debug */,
				342514961C349D96001D31F4 /* Release */,
			);
			defaultConfigurationIsVisible = 0;
			defaultConfigurationName = Release;
		};
		3487250922C77BF7004D4FD1 /* Build configuration list for PBXNativeTarget "tldr-viewer-snapshottests" */ = {
			isa = XCConfigurationList;
			buildConfigurations = (
				3487250A22C77BF7004D4FD1 /* Debug */,
				3487250B22C77BF7004D4FD1 /* Release */,
			);
			defaultConfigurationIsVisible = 0;
			defaultConfigurationName = Release;
		};
/* End XCConfigurationList section */
	};
	rootObject = 342514781C349D96001D31F4 /* Project object */;
}
