// !$*UTF8*$!
{
	archiveVersion = 1;
	classes = {
	};
	objectVersion = 46;
	objects = {

/* Begin PBXBuildFile section */
		34048D1C1C36CF8800E91EE7 /* Platform.swift in Sources */ = {isa = PBXBuildFile; fileRef = 34048D1B1C36CF8800E91EE7 /* Platform.swift */; };
		34048D1E1C36DC6200E91EE7 /* ErrorCellViewModel.swift in Sources */ = {isa = PBXBuildFile; fileRef = 34048D1D1C36DC6200E91EE7 /* ErrorCellViewModel.swift */; };
		34048D201C36DF0200E91EE7 /* MessageAndButtonCell.swift in Sources */ = {isa = PBXBuildFile; fileRef = 34048D1F1C36DF0200E91EE7 /* MessageAndButtonCell.swift */; };
		34048D221C36E4CF00E91EE7 /* LoadingCell.swift in Sources */ = {isa = PBXBuildFile; fileRef = 34048D211C36E4CF00E91EE7 /* LoadingCell.swift */; };
		34048D241C36E4DD00E91EE7 /* LoadingCellViewModel.swift in Sources */ = {isa = PBXBuildFile; fileRef = 34048D231C36E4DD00E91EE7 /* LoadingCellViewModel.swift */; };
		34048D271C37212A00E91EE7 /* ActionButton.swift in Sources */ = {isa = PBXBuildFile; fileRef = 34048D261C37212A00E91EE7 /* ActionButton.swift */; };
		34048D291C37402500E91EE7 /* DetailPlatformViewModel.swift in Sources */ = {isa = PBXBuildFile; fileRef = 34048D281C37402500E91EE7 /* DetailPlatformViewModel.swift */; };
		342514841C349D96001D31F4 /* AppDelegate.swift in Sources */ = {isa = PBXBuildFile; fileRef = 342514831C349D96001D31F4 /* AppDelegate.swift */; };
		342514861C349D96001D31F4 /* ListViewController.swift in Sources */ = {isa = PBXBuildFile; fileRef = 342514851C349D96001D31F4 /* ListViewController.swift */; };
		342514881C349D96001D31F4 /* DetailViewController.swift in Sources */ = {isa = PBXBuildFile; fileRef = 342514871C349D96001D31F4 /* DetailViewController.swift */; };
		3425148B1C349D96001D31F4 /* Main.storyboard in Resources */ = {isa = PBXBuildFile; fileRef = 342514891C349D96001D31F4 /* Main.storyboard */; };
		3425148D1C349D96001D31F4 /* Assets.xcassets in Resources */ = {isa = PBXBuildFile; fileRef = 3425148C1C349D96001D31F4 /* Assets.xcassets */; };
		342514901C349D96001D31F4 /* LaunchScreen.storyboard in Resources */ = {isa = PBXBuildFile; fileRef = 3425148E1C349D96001D31F4 /* LaunchScreen.storyboard */; };
		3425149A1C34A31E001D31F4 /* ListViewModel.swift in Sources */ = {isa = PBXBuildFile; fileRef = 342514991C34A31E001D31F4 /* ListViewModel.swift */; };
		3425149D1C34A4CC001D31F4 /* BaseCellViewModel.swift in Sources */ = {isa = PBXBuildFile; fileRef = 3425149C1C34A4CC001D31F4 /* BaseCellViewModel.swift */; };
		3425149F1C34AA9F001D31F4 /* BaseCell.swift in Sources */ = {isa = PBXBuildFile; fileRef = 3425149E1C34AA9F001D31F4 /* BaseCell.swift */; };
		342514A11C34AE5E001D31F4 /* CommandCellViewModel.swift in Sources */ = {isa = PBXBuildFile; fileRef = 342514A01C34AE5E001D31F4 /* CommandCellViewModel.swift */; };
		342514A31C34B01F001D31F4 /* CommandCell.swift in Sources */ = {isa = PBXBuildFile; fileRef = 342514A21C34B01F001D31F4 /* CommandCell.swift */; };
		342514A51C34BA05001D31F4 /* TLDRURLSessionConfiguration.swift in Sources */ = {isa = PBXBuildFile; fileRef = 342514A41C34BA05001D31F4 /* TLDRURLSessionConfiguration.swift */; };
		342514A71C34BCEF001D31F4 /* TLDRRequest.swift in Sources */ = {isa = PBXBuildFile; fileRef = 342514A61C34BCEF001D31F4 /* TLDRRequest.swift */; };
		342514A91C34BD82001D31F4 /* TLDRResponse.swift in Sources */ = {isa = PBXBuildFile; fileRef = 342514A81C34BD82001D31F4 /* TLDRResponse.swift */; };
		342514AB1C34C5D8001D31F4 /* Command.swift in Sources */ = {isa = PBXBuildFile; fileRef = 342514AA1C34C5D8001D31F4 /* Command.swift */; };
		342514AF1C353FD3001D31F4 /* DetailViewModel.swift in Sources */ = {isa = PBXBuildFile; fileRef = 342514AE1C353FD3001D31F4 /* DetailViewModel.swift */; };
		34358AEF1C357B7C00BB7DDB /* Markdown.swift in Sources */ = {isa = PBXBuildFile; fileRef = 34358AEE1C357B7C00BB7DDB /* Markdown.swift */; };
		34358AF51C3589D200BB7DDB /* WebKit.framework in Frameworks */ = {isa = PBXBuildFile; fileRef = 34358AF41C3589D200BB7DDB /* WebKit.framework */; };
		34358AF71C3592CC00BB7DDB /* Theme.swift in Sources */ = {isa = PBXBuildFile; fileRef = 34358AF61C3592CC00BB7DDB /* Theme.swift */; };
		34358AFA1C35D81F00BB7DDB /* style.css in Resources */ = {isa = PBXBuildFile; fileRef = 34358AF91C35D81F00BB7DDB /* style.css */; };
		34555B771E36B8FB0049AD5F /* NoResultsCellViewModel.swift in Sources */ = {isa = PBXBuildFile; fileRef = 34555B761E36B8FB0049AD5F /* NoResultsCellViewModel.swift */; };
		34D06BBD1C537CC100D30041 /* DataSource.swift in Sources */ = {isa = PBXBuildFile; fileRef = 34D06BBC1C537CC100D30041 /* DataSource.swift */; };
		34D06BBE1C5386DF00D30041 /* Zip.framework in Frameworks */ = {isa = PBXBuildFile; fileRef = 34D06BB91C519C1100D30041 /* Zip.framework */; };
		34D06BC41C54203300D30041 /* DetailDataSource.swift in Sources */ = {isa = PBXBuildFile; fileRef = 34D06BC31C54203300D30041 /* DetailDataSource.swift */; };
		34D06BC61C5428D800D30041 /* ListTableViewController.swift in Sources */ = {isa = PBXBuildFile; fileRef = 34D06BC51C5428D800D30041 /* ListTableViewController.swift */; };
		34D06BC81C54C60C00D30041 /* OldIndexCellViewModel.swift in Sources */ = {isa = PBXBuildFile; fileRef = 34D06BC71C54C60C00D30041 /* OldIndexCellViewModel.swift */; };
		34D06BCB1C54CA6100D30041 /* NSDateExtension.swift in Sources */ = {isa = PBXBuildFile; fileRef = 34D06BCA1C54CA6100D30041 /* NSDateExtension.swift */; };
		34D06BCF1C5CC93700D30041 /* SpotlightSearch.swift in Sources */ = {isa = PBXBuildFile; fileRef = 34D06BCE1C5CC93700D30041 /* SpotlightSearch.swift */; };
		34D06BD11C5CC9A000D30041 /* CoreSpotlight.framework in Frameworks */ = {isa = PBXBuildFile; fileRef = 34D06BD01C5CC9A000D30041 /* CoreSpotlight.framework */; };
		34D06BD31C5CCAF500D30041 /* MobileCoreServices.framework in Frameworks */ = {isa = PBXBuildFile; fileRef = 34D06BD21C5CCAF500D30041 /* MobileCoreServices.framework */; };
		34D5B6501E350DA500C6AB64 /* Preferences.swift in Sources */ = {isa = PBXBuildFile; fileRef = 34D5B64F1E350DA500C6AB64 /* Preferences.swift */; };
		34D5B6521E350EF500C6AB64 /* Constants.swift in Sources */ = {isa = PBXBuildFile; fileRef = 34D5B6511E350EF500C6AB64 /* Constants.swift */; };
		34D5B6541E35168700C6AB64 /* Shortcuts.swift in Sources */ = {isa = PBXBuildFile; fileRef = 34D5B6531E35168700C6AB64 /* Shortcuts.swift */; };
		34D5B6561E351D4000C6AB64 /* ShortcutHandler.swift in Sources */ = {isa = PBXBuildFile; fileRef = 34D5B6551E351D4000C6AB64 /* ShortcutHandler.swift */; };
		34FBC0CF1C38A189008AD2C0 /* TextCellBasic.swift in Sources */ = {isa = PBXBuildFile; fileRef = 34FBC0CE1C38A189008AD2C0 /* TextCellBasic.swift */; };
		34FD9AB51C3885C6001DB968 /* InfoViewController.swift in Sources */ = {isa = PBXBuildFile; fileRef = 34FD9AB41C3885C6001DB968 /* InfoViewController.swift */; };
		34FD9AB71C3885CE001DB968 /* InfoViewModel.swift in Sources */ = {isa = PBXBuildFile; fileRef = 34FD9AB61C3885CE001DB968 /* InfoViewModel.swift */; };
		34FD9AB91C388A15001DB968 /* TextCellRightDetail.swift in Sources */ = {isa = PBXBuildFile; fileRef = 34FD9AB81C388A15001DB968 /* TextCellRightDetail.swift */; };
		34FD9ABB1C388A1E001DB968 /* TextCellViewModel.swift in Sources */ = {isa = PBXBuildFile; fileRef = 34FD9ABA1C388A1E001DB968 /* TextCellViewModel.swift */; };
		34FD9ABD1C388C83001DB968 /* GroupViewModel.swift in Sources */ = {isa = PBXBuildFile; fileRef = 34FD9ABC1C388C83001DB968 /* GroupViewModel.swift */; };
		34FDB18A1C3C8FCA00587386 /* SectionViewModel.swift in Sources */ = {isa = PBXBuildFile; fileRef = 34FDB1891C3C8FCA00587386 /* SectionViewModel.swift */; };
/* End PBXBuildFile section */

/* Begin PBXFileReference section */
		34048D1B1C36CF8800E91EE7 /* Platform.swift */ = {isa = PBXFileReference; fileEncoding = 4; lastKnownFileType = sourcecode.swift; path = Platform.swift; sourceTree = "<group>"; };
		34048D1D1C36DC6200E91EE7 /* ErrorCellViewModel.swift */ = {isa = PBXFileReference; fileEncoding = 4; lastKnownFileType = sourcecode.swift; path = ErrorCellViewModel.swift; sourceTree = "<group>"; };
		34048D1F1C36DF0200E91EE7 /* MessageAndButtonCell.swift */ = {isa = PBXFileReference; fileEncoding = 4; lastKnownFileType = sourcecode.swift; path = MessageAndButtonCell.swift; sourceTree = "<group>"; };
		34048D211C36E4CF00E91EE7 /* LoadingCell.swift */ = {isa = PBXFileReference; fileEncoding = 4; lastKnownFileType = sourcecode.swift; path = LoadingCell.swift; sourceTree = "<group>"; };
		34048D231C36E4DD00E91EE7 /* LoadingCellViewModel.swift */ = {isa = PBXFileReference; fileEncoding = 4; lastKnownFileType = sourcecode.swift; path = LoadingCellViewModel.swift; sourceTree = "<group>"; };
		34048D261C37212A00E91EE7 /* ActionButton.swift */ = {isa = PBXFileReference; fileEncoding = 4; lastKnownFileType = sourcecode.swift; path = ActionButton.swift; sourceTree = "<group>"; };
		34048D281C37402500E91EE7 /* DetailPlatformViewModel.swift */ = {isa = PBXFileReference; fileEncoding = 4; lastKnownFileType = sourcecode.swift; path = DetailPlatformViewModel.swift; sourceTree = "<group>"; };
		342514801C349D96001D31F4 /* tldr-viewer.app */ = {isa = PBXFileReference; explicitFileType = wrapper.application; includeInIndex = 0; path = "tldr-viewer.app"; sourceTree = BUILT_PRODUCTS_DIR; };
		342514831C349D96001D31F4 /* AppDelegate.swift */ = {isa = PBXFileReference; lastKnownFileType = sourcecode.swift; path = AppDelegate.swift; sourceTree = "<group>"; };
		342514851C349D96001D31F4 /* ListViewController.swift */ = {isa = PBXFileReference; lastKnownFileType = sourcecode.swift; path = ListViewController.swift; sourceTree = "<group>"; };
		342514871C349D96001D31F4 /* DetailViewController.swift */ = {isa = PBXFileReference; lastKnownFileType = sourcecode.swift; path = DetailViewController.swift; sourceTree = "<group>"; };
		3425148A1C349D96001D31F4 /* Base */ = {isa = PBXFileReference; lastKnownFileType = file.storyboard; name = Base; path = Base.lproj/Main.storyboard; sourceTree = "<group>"; };
		3425148C1C349D96001D31F4 /* Assets.xcassets */ = {isa = PBXFileReference; lastKnownFileType = folder.assetcatalog; path = Assets.xcassets; sourceTree = "<group>"; };
		3425148F1C349D96001D31F4 /* Base */ = {isa = PBXFileReference; lastKnownFileType = file.storyboard; name = Base; path = Base.lproj/LaunchScreen.storyboard; sourceTree = "<group>"; };
		342514911C349D96001D31F4 /* Info.plist */ = {isa = PBXFileReference; lastKnownFileType = text.plist.xml; path = Info.plist; sourceTree = "<group>"; };
		342514991C34A31E001D31F4 /* ListViewModel.swift */ = {isa = PBXFileReference; fileEncoding = 4; lastKnownFileType = sourcecode.swift; path = ListViewModel.swift; sourceTree = "<group>"; };
		3425149C1C34A4CC001D31F4 /* BaseCellViewModel.swift */ = {isa = PBXFileReference; fileEncoding = 4; lastKnownFileType = sourcecode.swift; path = BaseCellViewModel.swift; sourceTree = "<group>"; };
		3425149E1C34AA9F001D31F4 /* BaseCell.swift */ = {isa = PBXFileReference; fileEncoding = 4; lastKnownFileType = sourcecode.swift; path = BaseCell.swift; sourceTree = "<group>"; };
		342514A01C34AE5E001D31F4 /* CommandCellViewModel.swift */ = {isa = PBXFileReference; fileEncoding = 4; lastKnownFileType = sourcecode.swift; path = CommandCellViewModel.swift; sourceTree = "<group>"; };
		342514A21C34B01F001D31F4 /* CommandCell.swift */ = {isa = PBXFileReference; fileEncoding = 4; lastKnownFileType = sourcecode.swift; path = CommandCell.swift; sourceTree = "<group>"; };
		342514A41C34BA05001D31F4 /* TLDRURLSessionConfiguration.swift */ = {isa = PBXFileReference; fileEncoding = 4; lastKnownFileType = sourcecode.swift; path = TLDRURLSessionConfiguration.swift; sourceTree = "<group>"; };
		342514A61C34BCEF001D31F4 /* TLDRRequest.swift */ = {isa = PBXFileReference; fileEncoding = 4; lastKnownFileType = sourcecode.swift; path = TLDRRequest.swift; sourceTree = "<group>"; };
		342514A81C34BD82001D31F4 /* TLDRResponse.swift */ = {isa = PBXFileReference; fileEncoding = 4; lastKnownFileType = sourcecode.swift; path = TLDRResponse.swift; sourceTree = "<group>"; };
		342514AA1C34C5D8001D31F4 /* Command.swift */ = {isa = PBXFileReference; fileEncoding = 4; lastKnownFileType = sourcecode.swift; path = Command.swift; sourceTree = "<group>"; };
		342514AE1C353FD3001D31F4 /* DetailViewModel.swift */ = {isa = PBXFileReference; fileEncoding = 4; lastKnownFileType = sourcecode.swift; path = DetailViewModel.swift; sourceTree = "<group>"; };
		34358AEE1C357B7C00BB7DDB /* Markdown.swift */ = {isa = PBXFileReference; fileEncoding = 4; lastKnownFileType = sourcecode.swift; path = Markdown.swift; sourceTree = "<group>"; };
		34358AF41C3589D200BB7DDB /* WebKit.framework */ = {isa = PBXFileReference; lastKnownFileType = wrapper.framework; name = WebKit.framework; path = System/Library/Frameworks/WebKit.framework; sourceTree = SDKROOT; };
		34358AF61C3592CC00BB7DDB /* Theme.swift */ = {isa = PBXFileReference; fileEncoding = 4; lastKnownFileType = sourcecode.swift; path = Theme.swift; sourceTree = "<group>"; };
		34358AF91C35D81F00BB7DDB /* style.css */ = {isa = PBXFileReference; fileEncoding = 4; lastKnownFileType = text.css; path = style.css; sourceTree = "<group>"; };
		34555B761E36B8FB0049AD5F /* NoResultsCellViewModel.swift */ = {isa = PBXFileReference; fileEncoding = 4; lastKnownFileType = sourcecode.swift; path = NoResultsCellViewModel.swift; sourceTree = "<group>"; };
		34D06BB91C519C1100D30041 /* Zip.framework */ = {isa = PBXFileReference; lastKnownFileType = wrapper.framework; name = Zip.framework; path = Carthage/Build/iOS/Zip.framework; sourceTree = "<group>"; };
		34D06BBC1C537CC100D30041 /* DataSource.swift */ = {isa = PBXFileReference; fileEncoding = 4; lastKnownFileType = sourcecode.swift; path = DataSource.swift; sourceTree = "<group>"; };
		34D06BC31C54203300D30041 /* DetailDataSource.swift */ = {isa = PBXFileReference; fileEncoding = 4; lastKnownFileType = sourcecode.swift; path = DetailDataSource.swift; sourceTree = "<group>"; };
		34D06BC51C5428D800D30041 /* ListTableViewController.swift */ = {isa = PBXFileReference; fileEncoding = 4; lastKnownFileType = sourcecode.swift; path = ListTableViewController.swift; sourceTree = "<group>"; };
		34D06BC71C54C60C00D30041 /* OldIndexCellViewModel.swift */ = {isa = PBXFileReference; fileEncoding = 4; lastKnownFileType = sourcecode.swift; path = OldIndexCellViewModel.swift; sourceTree = "<group>"; };
		34D06BCA1C54CA6100D30041 /* NSDateExtension.swift */ = {isa = PBXFileReference; fileEncoding = 4; lastKnownFileType = sourcecode.swift; path = NSDateExtension.swift; sourceTree = "<group>"; };
		34D06BCE1C5CC93700D30041 /* SpotlightSearch.swift */ = {isa = PBXFileReference; fileEncoding = 4; lastKnownFileType = sourcecode.swift; path = SpotlightSearch.swift; sourceTree = "<group>"; };
		34D06BD01C5CC9A000D30041 /* CoreSpotlight.framework */ = {isa = PBXFileReference; lastKnownFileType = wrapper.framework; name = CoreSpotlight.framework; path = System/Library/Frameworks/CoreSpotlight.framework; sourceTree = SDKROOT; };
		34D06BD21C5CCAF500D30041 /* MobileCoreServices.framework */ = {isa = PBXFileReference; lastKnownFileType = wrapper.framework; name = MobileCoreServices.framework; path = System/Library/Frameworks/MobileCoreServices.framework; sourceTree = SDKROOT; };
		34D5B64F1E350DA500C6AB64 /* Preferences.swift */ = {isa = PBXFileReference; fileEncoding = 4; lastKnownFileType = sourcecode.swift; path = Preferences.swift; sourceTree = "<group>"; };
		34D5B6511E350EF500C6AB64 /* Constants.swift */ = {isa = PBXFileReference; fileEncoding = 4; lastKnownFileType = sourcecode.swift; path = Constants.swift; sourceTree = "<group>"; };
		34D5B6531E35168700C6AB64 /* Shortcuts.swift */ = {isa = PBXFileReference; fileEncoding = 4; lastKnownFileType = sourcecode.swift; path = Shortcuts.swift; sourceTree = "<group>"; };
		34D5B6551E351D4000C6AB64 /* ShortcutHandler.swift */ = {isa = PBXFileReference; fileEncoding = 4; lastKnownFileType = sourcecode.swift; path = ShortcutHandler.swift; sourceTree = "<group>"; };
		34FBC0CE1C38A189008AD2C0 /* TextCellBasic.swift */ = {isa = PBXFileReference; fileEncoding = 4; lastKnownFileType = sourcecode.swift; path = TextCellBasic.swift; sourceTree = "<group>"; };
		34FD9AB41C3885C6001DB968 /* InfoViewController.swift */ = {isa = PBXFileReference; fileEncoding = 4; lastKnownFileType = sourcecode.swift; path = InfoViewController.swift; sourceTree = "<group>"; };
		34FD9AB61C3885CE001DB968 /* InfoViewModel.swift */ = {isa = PBXFileReference; fileEncoding = 4; lastKnownFileType = sourcecode.swift; path = InfoViewModel.swift; sourceTree = "<group>"; };
		34FD9AB81C388A15001DB968 /* TextCellRightDetail.swift */ = {isa = PBXFileReference; fileEncoding = 4; lastKnownFileType = sourcecode.swift; path = TextCellRightDetail.swift; sourceTree = "<group>"; };
		34FD9ABA1C388A1E001DB968 /* TextCellViewModel.swift */ = {isa = PBXFileReference; fileEncoding = 4; lastKnownFileType = sourcecode.swift; path = TextCellViewModel.swift; sourceTree = "<group>"; };
		34FD9ABC1C388C83001DB968 /* GroupViewModel.swift */ = {isa = PBXFileReference; fileEncoding = 4; lastKnownFileType = sourcecode.swift; path = GroupViewModel.swift; sourceTree = "<group>"; };
		34FDB1891C3C8FCA00587386 /* SectionViewModel.swift */ = {isa = PBXFileReference; fileEncoding = 4; lastKnownFileType = sourcecode.swift; path = SectionViewModel.swift; sourceTree = "<group>"; };
/* End PBXFileReference section */

/* Begin PBXFrameworksBuildPhase section */
		3425147D1C349D96001D31F4 /* Frameworks */ = {
			isa = PBXFrameworksBuildPhase;
			buildActionMask = 2147483647;
			files = (
				34D06BD31C5CCAF500D30041 /* MobileCoreServices.framework in Frameworks */,
				34D06BD11C5CC9A000D30041 /* CoreSpotlight.framework in Frameworks */,
				34358AF51C3589D200BB7DDB /* WebKit.framework in Frameworks */,
				34D06BBE1C5386DF00D30041 /* Zip.framework in Frameworks */,
			);
			runOnlyForDeploymentPostprocessing = 0;
		};
/* End PBXFrameworksBuildPhase section */

/* Begin PBXGroup section */
		34048D251C37211200E91EE7 /* Views */ = {
			isa = PBXGroup;
			children = (
				34048D261C37212A00E91EE7 /* ActionButton.swift */,
			);
			name = Views;
			sourceTree = "<group>";
		};
		342514771C349D96001D31F4 = {
			isa = PBXGroup;
			children = (
				34D06BD21C5CCAF500D30041 /* MobileCoreServices.framework */,
				34D06BD01C5CC9A000D30041 /* CoreSpotlight.framework */,
				34D06BB91C519C1100D30041 /* Zip.framework */,
				34358AF41C3589D200BB7DDB /* WebKit.framework */,
				342514821C349D96001D31F4 /* tldr-viewer */,
				342514811C349D96001D31F4 /* Products */,
			);
			sourceTree = "<group>";
		};
		342514811C349D96001D31F4 /* Products */ = {
			isa = PBXGroup;
			children = (
				342514801C349D96001D31F4 /* tldr-viewer.app */,
			);
			name = Products;
			sourceTree = "<group>";
		};
		342514821C349D96001D31F4 /* tldr-viewer */ = {
			isa = PBXGroup;
			children = (
				342514831C349D96001D31F4 /* AppDelegate.swift */,
				342514971C34A151001D31F4 /* List */,
				342514981C34A15D001D31F4 /* Detail */,
				34FD9AB31C3885B6001DB968 /* Info */,
				3425149B1C34A459001D31F4 /* Common */,
				342514891C349D96001D31F4 /* Main.storyboard */,
				3425148C1C349D96001D31F4 /* Assets.xcassets */,
				3425148E1C349D96001D31F4 /* LaunchScreen.storyboard */,
				342514911C349D96001D31F4 /* Info.plist */,
			);
			path = "tldr-viewer";
			sourceTree = "<group>";
		};
		342514971C34A151001D31F4 /* List */ = {
			isa = PBXGroup;
			children = (
				342514851C349D96001D31F4 /* ListViewController.swift */,
				342514991C34A31E001D31F4 /* ListViewModel.swift */,
				342514A01C34AE5E001D31F4 /* CommandCellViewModel.swift */,
				342514A21C34B01F001D31F4 /* CommandCell.swift */,
				34048D1D1C36DC6200E91EE7 /* ErrorCellViewModel.swift */,
				34048D1F1C36DF0200E91EE7 /* MessageAndButtonCell.swift */,
				34048D211C36E4CF00E91EE7 /* LoadingCell.swift */,
				34048D231C36E4DD00E91EE7 /* LoadingCellViewModel.swift */,
				34D06BC51C5428D800D30041 /* ListTableViewController.swift */,
				34D06BC71C54C60C00D30041 /* OldIndexCellViewModel.swift */,
				34555B761E36B8FB0049AD5F /* NoResultsCellViewModel.swift */,
			);
			name = List;
			sourceTree = "<group>";
		};
		342514981C34A15D001D31F4 /* Detail */ = {
			isa = PBXGroup;
			children = (
				342514871C349D96001D31F4 /* DetailViewController.swift */,
				342514AE1C353FD3001D31F4 /* DetailViewModel.swift */,
				34048D281C37402500E91EE7 /* DetailPlatformViewModel.swift */,
			);
			name = Detail;
			sourceTree = "<group>";
		};
		3425149B1C34A459001D31F4 /* Common */ = {
			isa = PBXGroup;
			children = (
				34D06BC91C54CA4900D30041 /* Extensions */,
				34048D251C37211200E91EE7 /* Views */,
				34358AF81C35D80000BB7DDB /* Style */,
				3425149C1C34A4CC001D31F4 /* BaseCellViewModel.swift */,
				3425149E1C34AA9F001D31F4 /* BaseCell.swift */,
				342514A41C34BA05001D31F4 /* TLDRURLSessionConfiguration.swift */,
				342514A61C34BCEF001D31F4 /* TLDRRequest.swift */,
				342514A81C34BD82001D31F4 /* TLDRResponse.swift */,
				342514AA1C34C5D8001D31F4 /* Command.swift */,
				34358AEE1C357B7C00BB7DDB /* Markdown.swift */,
				34048D1B1C36CF8800E91EE7 /* Platform.swift */,
				34FD9ABC1C388C83001DB968 /* GroupViewModel.swift */,
				34FDB1891C3C8FCA00587386 /* SectionViewModel.swift */,
				34D06BBC1C537CC100D30041 /* DataSource.swift */,
				34D06BC31C54203300D30041 /* DetailDataSource.swift */,
				34D06BCE1C5CC93700D30041 /* SpotlightSearch.swift */,
				34D5B64F1E350DA500C6AB64 /* Preferences.swift */,
				34D5B6511E350EF500C6AB64 /* Constants.swift */,
				34D5B6531E35168700C6AB64 /* Shortcuts.swift */,
				34D5B6551E351D4000C6AB64 /* ShortcutHandler.swift */,
			);
			name = Common;
			sourceTree = "<group>";
		};
		34358AF81C35D80000BB7DDB /* Style */ = {
			isa = PBXGroup;
			children = (
				34358AF61C3592CC00BB7DDB /* Theme.swift */,
				34358AF91C35D81F00BB7DDB /* style.css */,
			);
			name = Style;
			sourceTree = "<group>";
		};
		34D06BC91C54CA4900D30041 /* Extensions */ = {
			isa = PBXGroup;
			children = (
				34D06BCA1C54CA6100D30041 /* NSDateExtension.swift */,
			);
			name = Extensions;
			sourceTree = "<group>";
		};
		34FD9AB31C3885B6001DB968 /* Info */ = {
			isa = PBXGroup;
			children = (
				34FD9AB41C3885C6001DB968 /* InfoViewController.swift */,
				34FD9AB61C3885CE001DB968 /* InfoViewModel.swift */,
				34FD9AB81C388A15001DB968 /* TextCellRightDetail.swift */,
				34FBC0CE1C38A189008AD2C0 /* TextCellBasic.swift */,
				34FD9ABA1C388A1E001DB968 /* TextCellViewModel.swift */,
			);
			name = Info;
			sourceTree = "<group>";
		};
/* End PBXGroup section */

/* Begin PBXNativeTarget section */
		3425147F1C349D96001D31F4 /* tldr-viewer */ = {
			isa = PBXNativeTarget;
			buildConfigurationList = 342514941C349D96001D31F4 /* Build configuration list for PBXNativeTarget "tldr-viewer" */;
			buildPhases = (
				3425147C1C349D96001D31F4 /* Sources */,
				3425147D1C349D96001D31F4 /* Frameworks */,
				3425147E1C349D96001D31F4 /* Resources */,
				34D06BBB1C519C2100D30041 /* ShellScript */,
			);
			buildRules = (
			);
			dependencies = (
			);
			name = "tldr-viewer";
			productName = "tldr-viewer";
			productReference = 342514801C349D96001D31F4 /* tldr-viewer.app */;
			productType = "com.apple.product-type.application";
		};
/* End PBXNativeTarget section */

/* Begin PBXProject section */
		342514781C349D96001D31F4 /* Project object */ = {
			isa = PBXProject;
			attributes = {
				LastSwiftUpdateCheck = 0720;
				LastUpgradeCheck = 0810;
				ORGANIZATIONNAME = "Green Light";
				TargetAttributes = {
					3425147F1C349D96001D31F4 = {
						CreatedOnToolsVersion = 7.2;
						DevelopmentTeam = 5Q656C7A6K;
						LastSwiftMigration = 0810;
						ProvisioningStyle = Automatic;
					};
				};
			};
			buildConfigurationList = 3425147B1C349D96001D31F4 /* Build configuration list for PBXProject "tldr-viewer" */;
			compatibilityVersion = "Xcode 3.2";
			developmentRegion = English;
			hasScannedForEncodings = 0;
			knownRegions = (
				en,
				Base,
			);
			mainGroup = 342514771C349D96001D31F4;
			productRefGroup = 342514811C349D96001D31F4 /* Products */;
			projectDirPath = "";
			projectRoot = "";
			targets = (
				3425147F1C349D96001D31F4 /* tldr-viewer */,
			);
		};
/* End PBXProject section */

/* Begin PBXResourcesBuildPhase section */
		3425147E1C349D96001D31F4 /* Resources */ = {
			isa = PBXResourcesBuildPhase;
			buildActionMask = 2147483647;
			files = (
				342514901C349D96001D31F4 /* LaunchScreen.storyboard in Resources */,
				34358AFA1C35D81F00BB7DDB /* style.css in Resources */,
				3425148D1C349D96001D31F4 /* Assets.xcassets in Resources */,
				3425148B1C349D96001D31F4 /* Main.storyboard in Resources */,
			);
			runOnlyForDeploymentPostprocessing = 0;
		};
/* End PBXResourcesBuildPhase section */

/* Begin PBXShellScriptBuildPhase section */
		34D06BBB1C519C2100D30041 /* ShellScript */ = {
			isa = PBXShellScriptBuildPhase;
			buildActionMask = 2147483647;
			files = (
			);
			inputPaths = (
				"$(SRCROOT)/Carthage/Build/iOS/Zip.framework",
			);
			outputPaths = (
			);
			runOnlyForDeploymentPostprocessing = 0;
			shellPath = /bin/sh;
			shellScript = "/usr/local/bin/carthage copy-frameworks";
			showEnvVarsInLog = 0;
		};
/* End PBXShellScriptBuildPhase section */

/* Begin PBXSourcesBuildPhase section */
		3425147C1C349D96001D31F4 /* Sources */ = {
			isa = PBXSourcesBuildPhase;
			buildActionMask = 2147483647;
			files = (
				34FD9AB91C388A15001DB968 /* TextCellRightDetail.swift in Sources */,
				342514A91C34BD82001D31F4 /* TLDRResponse.swift in Sources */,
				342514881C349D96001D31F4 /* DetailViewController.swift in Sources */,
				342514861C349D96001D31F4 /* ListViewController.swift in Sources */,
				34048D241C36E4DD00E91EE7 /* LoadingCellViewModel.swift in Sources */,
				34FDB18A1C3C8FCA00587386 /* SectionViewModel.swift in Sources */,
				342514A11C34AE5E001D31F4 /* CommandCellViewModel.swift in Sources */,
				34D06BC81C54C60C00D30041 /* OldIndexCellViewModel.swift in Sources */,
				34D5B6561E351D4000C6AB64 /* ShortcutHandler.swift in Sources */,
				342514A31C34B01F001D31F4 /* CommandCell.swift in Sources */,
				34555B771E36B8FB0049AD5F /* NoResultsCellViewModel.swift in Sources */,
				34048D291C37402500E91EE7 /* DetailPlatformViewModel.swift in Sources */,
				3425149A1C34A31E001D31F4 /* ListViewModel.swift in Sources */,
				342514A51C34BA05001D31F4 /* TLDRURLSessionConfiguration.swift in Sources */,
				342514A71C34BCEF001D31F4 /* TLDRRequest.swift in Sources */,
				34D5B6541E35168700C6AB64 /* Shortcuts.swift in Sources */,
				34FD9ABD1C388C83001DB968 /* GroupViewModel.swift in Sources */,
				342514841C349D96001D31F4 /* AppDelegate.swift in Sources */,
				342514AF1C353FD3001D31F4 /* DetailViewModel.swift in Sources */,
				34358AEF1C357B7C00BB7DDB /* Markdown.swift in Sources */,
				3425149F1C34AA9F001D31F4 /* BaseCell.swift in Sources */,
				34FD9AB71C3885CE001DB968 /* InfoViewModel.swift in Sources */,
				34358AF71C3592CC00BB7DDB /* Theme.swift in Sources */,
				34D06BC41C54203300D30041 /* DetailDataSource.swift in Sources */,
				3425149D1C34A4CC001D31F4 /* BaseCellViewModel.swift in Sources */,
				34D06BBD1C537CC100D30041 /* DataSource.swift in Sources */,
				34048D201C36DF0200E91EE7 /* MessageAndButtonCell.swift in Sources */,
				34048D1C1C36CF8800E91EE7 /* Platform.swift in Sources */,
				34FBC0CF1C38A189008AD2C0 /* TextCellBasic.swift in Sources */,
				34D5B6501E350DA500C6AB64 /* Preferences.swift in Sources */,
				342514AB1C34C5D8001D31F4 /* Command.swift in Sources */,
				34D06BCF1C5CC93700D30041 /* SpotlightSearch.swift in Sources */,
				34FD9ABB1C388A1E001DB968 /* TextCellViewModel.swift in Sources */,
				34D06BCB1C54CA6100D30041 /* NSDateExtension.swift in Sources */,
				34D06BC61C5428D800D30041 /* ListTableViewController.swift in Sources */,
				34048D1E1C36DC6200E91EE7 /* ErrorCellViewModel.swift in Sources */,
				34048D221C36E4CF00E91EE7 /* LoadingCell.swift in Sources */,
				34048D271C37212A00E91EE7 /* ActionButton.swift in Sources */,
				34D5B6521E350EF500C6AB64 /* Constants.swift in Sources */,
				34FD9AB51C3885C6001DB968 /* InfoViewController.swift in Sources */,
			);
			runOnlyForDeploymentPostprocessing = 0;
		};
/* End PBXSourcesBuildPhase section */

/* Begin PBXVariantGroup section */
		342514891C349D96001D31F4 /* Main.storyboard */ = {
			isa = PBXVariantGroup;
			children = (
				3425148A1C349D96001D31F4 /* Base */,
			);
			name = Main.storyboard;
			sourceTree = "<group>";
		};
		3425148E1C349D96001D31F4 /* LaunchScreen.storyboard */ = {
			isa = PBXVariantGroup;
			children = (
				3425148F1C349D96001D31F4 /* Base */,
			);
			name = LaunchScreen.storyboard;
			sourceTree = "<group>";
		};
/* End PBXVariantGroup section */

/* Begin XCBuildConfiguration section */
		342514921C349D96001D31F4 /* Debug */ = {
			isa = XCBuildConfiguration;
			buildSettings = {
				ALWAYS_SEARCH_USER_PATHS = NO;
				CLANG_CXX_LANGUAGE_STANDARD = "gnu++0x";
				CLANG_CXX_LIBRARY = "libc++";
				CLANG_ENABLE_MODULES = YES;
				CLANG_ENABLE_OBJC_ARC = YES;
				CLANG_WARN_BOOL_CONVERSION = YES;
				CLANG_WARN_CONSTANT_CONVERSION = YES;
				CLANG_WARN_DIRECT_OBJC_ISA_USAGE = YES_ERROR;
				CLANG_WARN_EMPTY_BODY = YES;
				CLANG_WARN_ENUM_CONVERSION = YES;
				CLANG_WARN_INFINITE_RECURSION = YES;
				CLANG_WARN_INT_CONVERSION = YES;
				CLANG_WARN_OBJC_ROOT_CLASS = YES_ERROR;
				CLANG_WARN_SUSPICIOUS_MOVE = YES;
				CLANG_WARN_UNREACHABLE_CODE = YES;
				CLANG_WARN__DUPLICATE_METHOD_MATCH = YES;
				"CODE_SIGN_IDENTITY[sdk=iphoneos*]" = "iPhone Developer";
				COPY_PHASE_STRIP = NO;
				DEBUG_INFORMATION_FORMAT = dwarf;
				ENABLE_STRICT_OBJC_MSGSEND = YES;
				ENABLE_TESTABILITY = YES;
				GCC_C_LANGUAGE_STANDARD = gnu99;
				GCC_DYNAMIC_NO_PIC = NO;
				GCC_NO_COMMON_BLOCKS = YES;
				GCC_OPTIMIZATION_LEVEL = 0;
				GCC_PREPROCESSOR_DEFINITIONS = (
					"DEBUG=1",
					"$(inherited)",
				);
				GCC_WARN_64_TO_32_BIT_CONVERSION = YES;
				GCC_WARN_ABOUT_RETURN_TYPE = YES_ERROR;
				GCC_WARN_UNDECLARED_SELECTOR = YES;
				GCC_WARN_UNINITIALIZED_AUTOS = YES_AGGRESSIVE;
				GCC_WARN_UNUSED_FUNCTION = YES;
				GCC_WARN_UNUSED_VARIABLE = YES;
				IPHONEOS_DEPLOYMENT_TARGET = 10.2;
				MTL_ENABLE_DEBUG_INFO = YES;
				ONLY_ACTIVE_ARCH = YES;
				SDKROOT = iphoneos;
				SWIFT_OPTIMIZATION_LEVEL = "-Onone";
				SWIFT_VERSION = 3.0.1;
				TARGETED_DEVICE_FAMILY = "1,2";
			};
			name = Debug;
		};
		342514931C349D96001D31F4 /* Release */ = {
			isa = XCBuildConfiguration;
			buildSettings = {
				ALWAYS_SEARCH_USER_PATHS = NO;
				CLANG_CXX_LANGUAGE_STANDARD = "gnu++0x";
				CLANG_CXX_LIBRARY = "libc++";
				CLANG_ENABLE_MODULES = YES;
				CLANG_ENABLE_OBJC_ARC = YES;
				CLANG_WARN_BOOL_CONVERSION = YES;
				CLANG_WARN_CONSTANT_CONVERSION = YES;
				CLANG_WARN_DIRECT_OBJC_ISA_USAGE = YES_ERROR;
				CLANG_WARN_EMPTY_BODY = YES;
				CLANG_WARN_ENUM_CONVERSION = YES;
				CLANG_WARN_INFINITE_RECURSION = YES;
				CLANG_WARN_INT_CONVERSION = YES;
				CLANG_WARN_OBJC_ROOT_CLASS = YES_ERROR;
				CLANG_WARN_SUSPICIOUS_MOVE = YES;
				CLANG_WARN_UNREACHABLE_CODE = YES;
				CLANG_WARN__DUPLICATE_METHOD_MATCH = YES;
				"CODE_SIGN_IDENTITY[sdk=iphoneos*]" = "iPhone Developer";
				COPY_PHASE_STRIP = NO;
				DEBUG_INFORMATION_FORMAT = "dwarf-with-dsym";
				ENABLE_NS_ASSERTIONS = NO;
				ENABLE_STRICT_OBJC_MSGSEND = YES;
				GCC_C_LANGUAGE_STANDARD = gnu99;
				GCC_NO_COMMON_BLOCKS = YES;
				GCC_WARN_64_TO_32_BIT_CONVERSION = YES;
				GCC_WARN_ABOUT_RETURN_TYPE = YES_ERROR;
				GCC_WARN_UNDECLARED_SELECTOR = YES;
				GCC_WARN_UNINITIALIZED_AUTOS = YES_AGGRESSIVE;
				GCC_WARN_UNUSED_FUNCTION = YES;
				GCC_WARN_UNUSED_VARIABLE = YES;
				IPHONEOS_DEPLOYMENT_TARGET = 10.2;
				MTL_ENABLE_DEBUG_INFO = NO;
				SDKROOT = iphoneos;
				SWIFT_OPTIMIZATION_LEVEL = "-Owholemodule";
				SWIFT_VERSION = 3.0.1;
				TARGETED_DEVICE_FAMILY = "1,2";
				VALIDATE_PRODUCT = YES;
			};
			name = Release;
		};
		342514951C349D96001D31F4 /* Debug */ = {
			isa = XCBuildConfiguration;
			buildSettings = {
				ASSETCATALOG_COMPILER_APPICON_NAME = AppIcon;
				"CODE_SIGN_IDENTITY[sdk=iphoneos*]" = "iPhone Developer";
				DEVELOPMENT_TEAM = 5Q656C7A6K;
				FRAMEWORK_SEARCH_PATHS = (
					"$(inherited)",
					"$(SDKROOT)$(SYSTEM_LIBRARY_DIR)/PrivateFrameworks",
					"$(PROJECT_DIR)/Carthage/Build/iOS",
				);
				INFOPLIST_FILE = "tldr-viewer/Info.plist";
				LD_RUNPATH_SEARCH_PATHS = "$(inherited) @executable_path/Frameworks";
				PRODUCT_BUNDLE_IDENTIFIER = "uk.co.greenlightapps.tldr-viewer";
				PRODUCT_NAME = "$(TARGET_NAME)";
			};
			name = Debug;
		};
		342514961C349D96001D31F4 /* Release */ = {
			isa = XCBuildConfiguration;
			buildSettings = {
				ASSETCATALOG_COMPILER_APPICON_NAME = AppIcon;
				"CODE_SIGN_IDENTITY[sdk=iphoneos*]" = "iPhone Developer";
				DEVELOPMENT_TEAM = 5Q656C7A6K;
				FRAMEWORK_SEARCH_PATHS = (
					"$(inherited)",
					"$(SDKROOT)$(SYSTEM_LIBRARY_DIR)/PrivateFrameworks",
					"$(PROJECT_DIR)/Carthage/Build/iOS",
				);
				INFOPLIST_FILE = "tldr-viewer/Info.plist";
				LD_RUNPATH_SEARCH_PATHS = "$(inherited) @executable_path/Frameworks";
				PRODUCT_BUNDLE_IDENTIFIER = "uk.co.greenlightapps.tldr-viewer";
				PRODUCT_NAME = "$(TARGET_NAME)";
			};
			name = Release;
		};
/* End XCBuildConfiguration section */

/* Begin XCConfigurationList section */
		3425147B1C349D96001D31F4 /* Build configuration list for PBXProject "tldr-viewer" */ = {
			isa = XCConfigurationList;
			buildConfigurations = (
				342514921C349D96001D31F4 /* Debug */,
				342514931C349D96001D31F4 /* Release */,
			);
			defaultConfigurationIsVisible = 0;
			defaultConfigurationName = Release;
		};
		342514941C349D96001D31F4 /* Build configuration list for PBXNativeTarget "tldr-viewer" */ = {
			isa = XCConfigurationList;
			buildConfigurations = (
				342514951C349D96001D31F4 /* Debug */,
				342514961C349D96001D31F4 /* Release */,
			);
			defaultConfigurationIsVisible = 0;
			defaultConfigurationName = Release;
		};
/* End XCConfigurationList section */
	};
	rootObject = 342514781C349D96001D31F4 /* Project object */;
}
