{
  "pins" : [
    {
      "identity" : "down",
      "kind" : "remoteSourceControl",
      "location" : "https://github.com/iwasrobbed/Down.git",
      "state" : {
        "branch" : "master",
        "revision" : "e754ab1c80920dd51a8e08290c912ac1c2ac8b58"
      }
    },
    {
      "identity" : "zip",
      "kind" : "remoteSourceControl",
      "location" : "https://github.com/marmelroy/Zip.git",
      "state" : {
        "branch" : "master",
        "revision" : "67fa55813b9e7b3b9acee9c0ae501def28746d76"
      }
    }
  ],
  "version" : 2
}
